{
  "version": 4,
  "terraform_version": "0.13.1",
  "serial": 18,
  "lineage": "30f6db2c-0d12-ecc5-d65b-42667f0e9ed6",
  "outputs": {},
  "resources": [
    {
      "module": "module.ec2",
      "mode": "managed",
      "type": "aws_key_pair",
      "name": "ec2_key_pair",
      "provider": "provider[\"registry.terraform.io/hashicorp/aws\"]",
      "instances": [
        {
          "schema_version": 1,
          "attributes": {
            "arn": "arn:aws:ec2:ap-south-1:917470431567:key-pair/ec2-key-pair",
            "fingerprint": "2d:3c:09:f4:cc:d8:8d:db:9f:83:95:92:04:18:b4:67",
            "id": "ec2-key-pair",
            "key_name": "ec2-key-pair",
            "key_name_prefix": null,
            "key_pair_id": "key-08e19d4bd9e936675",
            "public_key": "ssh-rsa AAAAB3NzaC1yc2EAAAADAQABAAABgQDB34rkbNDD2A/qOAWbnUqHhTLikpjdcEhegaETDpL/UyqWfo0DJTHZrCHuOthAJf2ozZeYE2DO73PDDc1NnfhwyRoKli8AZRuuZnIngVzq8otFrG+07SbGwm8lb9JHOStfBcjNMVJCr24Z/zLh1QF7mSMfiu6PkHm6GhdxPZqjrjG4Jo94DXpqkXpq3HsP5Z3GC8JEBqnKDMtWXW5WHrSSojGECo11EWSCQ6TfcY7KgSMONx7kcO4CfBqdQdfaFmeXD/JZBpPhOtaGu6efG809bLsD1V5bhIbGJ1cYgfLiaKPzmc8/za90VhAQaJZ3qzXPoJYDG7xey+x1OSuevklr5PvilJan08zF6WZhX4n093JCPxxnyLGL5qamDMaebst/rb/WLXtv0bmJiH2AoIP520YppvIijezsnfGSwt/l1Yhc3h77wq+3RAoococ2tHLym4D3/UB9h7EkR/CpkTNVnQQK1igZE+u9QfjHt28nrgoL82cFWB1mPR3WrBCRsp8= lakshmisumathi@lakshmis-MacBook-Pro.local",
            "tags": null
          },
          "private": "eyJzY2hlbWFfdmVyc2lvbiI6IjEifQ=="
        }
      ]
    },
    {
      "module": "module.elb",
      "mode": "managed",
      "type": "aws_elb",
      "name": "ec2_load_balancer",
      "provider": "provider[\"registry.terraform.io/hashicorp/aws\"]",
      "instances": []
    },
    {
      "module": "module.igw",
      "mode": "managed",
      "type": "aws_internet_gateway",
      "name": "igw",
      "provider": "provider[\"registry.terraform.io/hashicorp/aws\"]",
      "instances": [
        {
          "schema_version": 0,
          "attributes": {
            "arn": "arn:aws:ec2:ap-south-1:917470431567:internet-gateway/igw-0b28e000c3c79306d",
            "id": "igw-0b28e000c3c79306d",
            "owner_id": "917470431567",
            "tags": {
              "Name": "Internet Gateway"
            },
            "vpc_id": "vpc-0f903894c5808f553"
          },
          "private": "bnVsbA==",
          "dependencies": [
            "module.vpc.aws_vpc.todoapp_vpc"
          ]
        }
      ]
    },
    {
      "module": "module.igw",
      "mode": "managed",
      "type": "aws_route_table",
      "name": "public-route-table",
      "provider": "provider[\"registry.terraform.io/hashicorp/aws\"]",
      "instances": [
        {
          "schema_version": 0,
          "attributes": {
            "id": "rtb-0445f74a5f8df7e25",
            "owner_id": "917470431567",
            "propagating_vgws": [],
            "route": [
              {
                "cidr_block": "0.0.0.0/0",
                "egress_only_gateway_id": "",
                "gateway_id": "igw-0b28e000c3c79306d",
                "instance_id": "",
                "ipv6_cidr_block": "",
                "local_gateway_id": "",
                "nat_gateway_id": "",
                "network_interface_id": "",
                "transit_gateway_id": "",
                "vpc_peering_connection_id": ""
              }
            ],
            "tags": {
              "Name": "Public route table"
            },
            "vpc_id": "vpc-0f903894c5808f553"
          },
          "private": "bnVsbA==",
          "dependencies": [
            "module.igw.aws_internet_gateway.igw",
            "module.vpc.aws_vpc.todoapp_vpc"
          ]
        }
      ]
    },
    {
      "module": "module.igw",
      "mode": "managed",
      "type": "aws_route_table_association",
      "name": "route-public-subnet-association",
      "provider": "provider[\"registry.terraform.io/hashicorp/aws\"]",
      "instances": [
        {
          "index_key": 0,
          "schema_version": 0,
          "attributes": {
            "gateway_id": null,
            "id": "rtbassoc-0c42c137cb15dd4f8",
            "route_table_id": "rtb-0445f74a5f8df7e25",
            "subnet_id": "subnet-087b03db1c209ef56"
          },
          "private": "bnVsbA==",
          "dependencies": [
            "module.igw.aws_internet_gateway.igw",
            "module.igw.aws_route_table.public-route-table",
            "module.public-subnets.aws_subnet.public-subnets",
            "module.public-subnets.data.aws_availability_zones.available",
            "module.vpc.aws_vpc.todoapp_vpc"
          ]
        },
        {
          "index_key": 1,
          "schema_version": 0,
          "attributes": {
            "gateway_id": null,
            "id": "rtbassoc-0d57f225bbec3d095",
            "route_table_id": "rtb-0445f74a5f8df7e25",
            "subnet_id": "subnet-09a1697029f8106d3"
          },
          "private": "bnVsbA==",
          "dependencies": [
            "module.igw.aws_internet_gateway.igw",
            "module.igw.aws_route_table.public-route-table",
            "module.public-subnets.aws_subnet.public-subnets",
            "module.public-subnets.data.aws_availability_zones.available",
            "module.vpc.aws_vpc.todoapp_vpc"
          ]
        },
        {
          "index_key": 2,
          "schema_version": 0,
          "attributes": {
            "gateway_id": null,
            "id": "rtbassoc-0035a713207c3c6f1",
            "route_table_id": "rtb-0445f74a5f8df7e25",
            "subnet_id": "subnet-09bde84e88bf692f8"
          },
          "private": "bnVsbA==",
          "dependencies": [
            "module.igw.aws_internet_gateway.igw",
            "module.igw.aws_route_table.public-route-table",
            "module.public-subnets.aws_subnet.public-subnets",
            "module.public-subnets.data.aws_availability_zones.available",
            "module.vpc.aws_vpc.todoapp_vpc"
          ]
        }
      ]
    },
    {
      "module": "module.nat",
      "mode": "managed",
      "type": "aws_route_table",
      "name": "private_route_table_to_nat",
      "provider": "provider[\"registry.terraform.io/hashicorp/aws\"]",
      "instances": [
        {
          "status": "tainted",
          "schema_version": 0,
          "attributes": {
            "id": "rtb-01c6b16ea3baaad6d",
            "owner_id": null,
            "propagating_vgws": [],
            "route": [
              {
                "cidr_block": "0.0.0.0/0",
                "egress_only_gateway_id": "",
                "gateway_id": "",
                "instance_id": "aws_instance.nat_instance.id",
                "ipv6_cidr_block": "",
                "local_gateway_id": "",
                "nat_gateway_id": "",
                "network_interface_id": "",
                "transit_gateway_id": "",
                "vpc_peering_connection_id": ""
              }
            ],
            "tags": {
              "Name": "Private route table for NAT instance"
            },
            "vpc_id": "vpc-0f903894c5808f553"
          },
          "private": "bnVsbA==",
          "dependencies": [
            "module.vpc.aws_vpc.todoapp_vpc"
          ]
        }
      ]
    },
    {
      "module": "module.nat",
      "mode": "managed",
      "type": "aws_route_table_association",
      "name": "private-route-table-to-private-subnets-association",
      "provider": "provider[\"registry.terraform.io/hashicorp/aws\"]",
      "instances": []
    },
    {
      "module": "module.private-subnets",
      "mode": "managed",
      "type": "aws_subnet",
      "name": "private-subnets",
      "provider": "provider[\"registry.terraform.io/hashicorp/aws\"]",
      "instances": [
        {
          "index_key": 0,
          "schema_version": 1,
          "attributes": {
            "arn": "arn:aws:ec2:ap-south-1:917470431567:subnet/subnet-07fb2bbfe8a5988fd",
            "assign_ipv6_address_on_creation": false,
            "availability_zone": "ap-south-1a",
            "availability_zone_id": "aps1-az1",
            "cidr_block": "10.20.3.0/24",
            "id": "subnet-07fb2bbfe8a5988fd",
            "ipv6_cidr_block": "",
            "ipv6_cidr_block_association_id": "",
            "map_public_ip_on_launch": false,
            "outpost_arn": "",
            "owner_id": "917470431567",
            "tags": {
              "Name": "Private Subnet - 1 "
            },
            "timeouts": null,
            "vpc_id": "vpc-0f903894c5808f553"
          },
          "private": "eyJlMmJmYjczMC1lY2FhLTExZTYtOGY4OC0zNDM2M2JjN2M0YzAiOnsiY3JlYXRlIjo2MDAwMDAwMDAwMDAsImRlbGV0ZSI6MTIwMDAwMDAwMDAwMH0sInNjaGVtYV92ZXJzaW9uIjoiMSJ9",
          "dependencies": [
            "module.public-subnets.data.aws_availability_zones.available",
            "module.vpc.aws_vpc.todoapp_vpc"
          ]
        },
        {
          "index_key": 1,
          "schema_version": 1,
          "attributes": {
            "arn": "arn:aws:ec2:ap-south-1:917470431567:subnet/subnet-05da082f806c05a4c",
            "assign_ipv6_address_on_creation": false,
            "availability_zone": "ap-south-1b",
            "availability_zone_id": "aps1-az3",
            "cidr_block": "10.20.4.0/24",
            "id": "subnet-05da082f806c05a4c",
            "ipv6_cidr_block": "",
            "ipv6_cidr_block_association_id": "",
            "map_public_ip_on_launch": false,
            "outpost_arn": "",
            "owner_id": "917470431567",
            "tags": {
              "Name": "Private Subnet - 2 "
            },
            "timeouts": null,
            "vpc_id": "vpc-0f903894c5808f553"
          },
          "private": "eyJlMmJmYjczMC1lY2FhLTExZTYtOGY4OC0zNDM2M2JjN2M0YzAiOnsiY3JlYXRlIjo2MDAwMDAwMDAwMDAsImRlbGV0ZSI6MTIwMDAwMDAwMDAwMH0sInNjaGVtYV92ZXJzaW9uIjoiMSJ9",
          "dependencies": [
            "module.public-subnets.data.aws_availability_zones.available",
            "module.vpc.aws_vpc.todoapp_vpc"
          ]
        }
      ]
    },
    {
      "module": "module.public-subnets",
      "mode": "data",
      "type": "aws_availability_zones",
      "name": "available",
      "provider": "provider[\"registry.terraform.io/hashicorp/aws\"]",
      "instances": [
        {
          "schema_version": 0,
          "attributes": {
            "all_availability_zones": null,
            "exclude_names": null,
            "exclude_zone_ids": null,
            "filter": null,
            "group_names": [
              "ap-south-1"
            ],
            "id": "2020-09-07 23:43:10.742334 +0000 UTC",
            "names": [
              "ap-south-1a",
              "ap-south-1b",
              "ap-south-1c"
            ],
            "state": "available",
            "zone_ids": [
              "aps1-az1",
              "aps1-az3",
              "aps1-az2"
            ]
          }
        }
      ]
    },
    {
      "module": "module.public-subnets",
      "mode": "managed",
      "type": "aws_subnet",
      "name": "public-subnets",
      "provider": "provider[\"registry.terraform.io/hashicorp/aws\"]",
      "instances": [
        {
          "index_key": 0,
          "schema_version": 1,
          "attributes": {
            "arn": "arn:aws:ec2:ap-south-1:917470431567:subnet/subnet-087b03db1c209ef56",
            "assign_ipv6_address_on_creation": false,
            "availability_zone": "ap-south-1a",
            "availability_zone_id": "aps1-az1",
            "cidr_block": "10.20.0.0/24",
            "id": "subnet-087b03db1c209ef56",
            "ipv6_cidr_block": "",
            "ipv6_cidr_block_association_id": "",
            "map_public_ip_on_launch": true,
            "outpost_arn": "",
            "owner_id": "917470431567",
            "tags": {
              "Name": "Public Subnet - 1 "
            },
            "timeouts": null,
            "vpc_id": "vpc-0f903894c5808f553"
          },
          "private": "eyJlMmJmYjczMC1lY2FhLTExZTYtOGY4OC0zNDM2M2JjN2M0YzAiOnsiY3JlYXRlIjo2MDAwMDAwMDAwMDAsImRlbGV0ZSI6MTIwMDAwMDAwMDAwMH0sInNjaGVtYV92ZXJzaW9uIjoiMSJ9",
          "dependencies": [
            "module.public-subnets.data.aws_availability_zones.available",
            "module.vpc.aws_vpc.todoapp_vpc"
          ]
        },
        {
          "index_key": 1,
          "schema_version": 1,
          "attributes": {
            "arn": "arn:aws:ec2:ap-south-1:917470431567:subnet/subnet-09a1697029f8106d3",
            "assign_ipv6_address_on_creation": false,
            "availability_zone": "ap-south-1b",
            "availability_zone_id": "aps1-az3",
            "cidr_block": "10.20.1.0/24",
            "id": "subnet-09a1697029f8106d3",
            "ipv6_cidr_block": "",
            "ipv6_cidr_block_association_id": "",
            "map_public_ip_on_launch": true,
            "outpost_arn": "",
            "owner_id": "917470431567",
            "tags": {
              "Name": "Public Subnet - 2 "
            },
            "timeouts": null,
            "vpc_id": "vpc-0f903894c5808f553"
          },
          "private": "eyJlMmJmYjczMC1lY2FhLTExZTYtOGY4OC0zNDM2M2JjN2M0YzAiOnsiY3JlYXRlIjo2MDAwMDAwMDAwMDAsImRlbGV0ZSI6MTIwMDAwMDAwMDAwMH0sInNjaGVtYV92ZXJzaW9uIjoiMSJ9",
          "dependencies": [
            "module.public-subnets.data.aws_availability_zones.available",
            "module.vpc.aws_vpc.todoapp_vpc"
          ]
        },
        {
          "index_key": 2,
          "schema_version": 1,
          "attributes": {
            "arn": "arn:aws:ec2:ap-south-1:917470431567:subnet/subnet-09bde84e88bf692f8",
            "assign_ipv6_address_on_creation": false,
            "availability_zone": "ap-south-1c",
            "availability_zone_id": "aps1-az2",
            "cidr_block": "10.20.2.0/24",
            "id": "subnet-09bde84e88bf692f8",
            "ipv6_cidr_block": "",
            "ipv6_cidr_block_association_id": "",
            "map_public_ip_on_launch": true,
            "outpost_arn": "",
            "owner_id": "917470431567",
            "tags": {
              "Name": "Public Subnet - 3 "
            },
            "timeouts": null,
            "vpc_id": "vpc-0f903894c5808f553"
          },
          "private": "eyJlMmJmYjczMC1lY2FhLTExZTYtOGY4OC0zNDM2M2JjN2M0YzAiOnsiY3JlYXRlIjo2MDAwMDAwMDAwMDAsImRlbGV0ZSI6MTIwMDAwMDAwMDAwMH0sInNjaGVtYV92ZXJzaW9uIjoiMSJ9",
          "dependencies": [
            "module.public-subnets.data.aws_availability_zones.available",
            "module.vpc.aws_vpc.todoapp_vpc"
          ]
        }
      ]
    },
    {
      "module": "module.rds",
      "mode": "managed",
      "type": "aws_db_subnet_group",
      "name": "aws_db_subnet_group",
      "provider": "provider[\"registry.terraform.io/hashicorp/aws\"]",
      "instances": [
        {
          "schema_version": 0,
          "attributes": {
            "arn": "arn:aws:rds:ap-south-1:917470431567:subgrp:rds-postgres-subnet-group",
            "description": "Managed by Terraform",
            "id": "rds-postgres-subnet-group",
            "name": "rds-postgres-subnet-group",
            "name_prefix": null,
            "subnet_ids": [
              "subnet-05da082f806c05a4c",
              "subnet-07fb2bbfe8a5988fd"
            ],
            "tags": {
              "Name": "DB subnet group for postgres RDS"
            }
          },
          "private": "bnVsbA==",
          "dependencies": [
            "module.private-subnets.aws_subnet.private-subnets",
            "module.public-subnets.data.aws_availability_zones.available",
            "module.vpc.aws_vpc.todoapp_vpc"
          ]
        }
      ]
    },
    {
      "module": "module.sgs",
      "mode": "managed",
      "type": "aws_security_group",
      "name": "ec2_lb_security_group",
      "provider": "provider[\"registry.terraform.io/hashicorp/aws\"]",
      "instances": [
        {
          "schema_version": 1,
          "attributes": {
            "arn": "arn:aws:ec2:ap-south-1:917470431567:security-group/sg-014a786c6822290c8",
            "description": "Enable security for ELB",
            "egress": [
              {
                "cidr_blocks": [
                  "0.0.0.0/0"
                ],
                "description": "",
                "from_port": 80,
                "ipv6_cidr_blocks": [],
                "prefix_list_ids": [],
                "protocol": "tcp",
                "security_groups": [],
                "self": false,
                "to_port": 80
              }
            ],
            "id": "sg-014a786c6822290c8",
            "ingress": [
              {
                "cidr_blocks": [
                  "0.0.0.0/0"
                ],
                "description": "",
                "from_port": 80,
                "ipv6_cidr_blocks": [],
                "prefix_list_ids": [],
                "protocol": "tcp",
                "security_groups": [],
                "self": false,
                "to_port": 80
              }
            ],
            "name": "ec2-lb-security-group",
            "name_prefix": "",
            "owner_id": "917470431567",
            "revoke_rules_on_delete": false,
            "tags": {
              "Name": "ELB security group"
            },
            "timeouts": null,
            "vpc_id": "vpc-0f903894c5808f553"
          },
          "private": "eyJlMmJmYjczMC1lY2FhLTExZTYtOGY4OC0zNDM2M2JjN2M0YzAiOnsiY3JlYXRlIjo2MDAwMDAwMDAwMDAsImRlbGV0ZSI6NjAwMDAwMDAwMDAwfSwic2NoZW1hX3ZlcnNpb24iOiIxIn0=",
          "dependencies": [
            "module.vpc.aws_vpc.todoapp_vpc"
          ]
        }
      ]
    },
    {
      "module": "module.sgs",
      "mode": "managed",
      "type": "aws_security_group",
      "name": "ec2_security_group",
      "provider": "provider[\"registry.terraform.io/hashicorp/aws\"]",
      "instances": [
        {
          "schema_version": 1,
          "attributes": {
            "arn": "arn:aws:ec2:ap-south-1:917470431567:security-group/sg-0004ec40bbac24324",
            "description": "Enable security for EC2 instances",
            "egress": [
              {
                "cidr_blocks": [
                  "0.0.0.0/0"
                ],
                "description": "",
                "from_port": 0,
                "ipv6_cidr_blocks": [],
                "prefix_list_ids": [],
                "protocol": "-1",
                "security_groups": [],
                "self": false,
                "to_port": 0
              }
            ],
            "id": "sg-0004ec40bbac24324",
            "ingress": [
              {
                "cidr_blocks": [
                  "0.0.0.0/0"
                ],
                "description": "",
                "from_port": 22,
                "ipv6_cidr_blocks": [],
                "prefix_list_ids": [],
                "protocol": "tcp",
                "security_groups": [],
                "self": false,
                "to_port": 22
              },
              {
                "cidr_blocks": [
                  "0.0.0.0/0"
                ],
                "description": "",
                "from_port": 80,
                "ipv6_cidr_blocks": [],
                "prefix_list_ids": [],
                "protocol": "tcp",
                "security_groups": [],
                "self": false,
                "to_port": 80
              }
            ],
            "name": "EC2 Security Group",
            "name_prefix": "",
            "owner_id": "917470431567",
            "revoke_rules_on_delete": false,
            "tags": {
              "Name": "EC2 security group"
            },
            "timeouts": null,
            "vpc_id": "vpc-0f903894c5808f553"
          },
          "private": "eyJlMmJmYjczMC1lY2FhLTExZTYtOGY4OC0zNDM2M2JjN2M0YzAiOnsiY3JlYXRlIjo2MDAwMDAwMDAwMDAsImRlbGV0ZSI6NjAwMDAwMDAwMDAwfSwic2NoZW1hX3ZlcnNpb24iOiIxIn0=",
          "dependencies": [
            "module.vpc.aws_vpc.todoapp_vpc"
          ]
        }
      ]
    },
    {
      "module": "module.sgs",
      "mode": "managed",
      "type": "aws_security_group",
      "name": "nat_security_group",
      "provider": "provider[\"registry.terraform.io/hashicorp/aws\"]",
      "instances": [
        {
          "schema_version": 1,
          "attributes": {
            "arn": "arn:aws:ec2:ap-south-1:917470431567:security-group/sg-056d2c70adde6ee0c",
            "description": "Allow traffic for private subnets",
            "egress": [
              {
                "cidr_blocks": [
                  "0.0.0.0/0"
                ],
                "description": "",
                "from_port": 0,
                "ipv6_cidr_blocks": [],
                "prefix_list_ids": [],
                "protocol": "-1",
                "security_groups": [],
                "self": false,
                "to_port": 0
              }
            ],
            "id": "sg-056d2c70adde6ee0c",
            "ingress": [],
            "name": "NAT Security Group",
            "name_prefix": "",
            "owner_id": "917470431567",
            "revoke_rules_on_delete": false,
            "tags": {
              "Name": "NAT security group"
            },
            "timeouts": null,
            "vpc_id": "vpc-0f903894c5808f553"
          },
          "private": "eyJlMmJmYjczMC1lY2FhLTExZTYtOGY4OC0zNDM2M2JjN2M0YzAiOnsiY3JlYXRlIjo2MDAwMDAwMDAwMDAsImRlbGV0ZSI6NjAwMDAwMDAwMDAwfSwic2NoZW1hX3ZlcnNpb24iOiIxIn0=",
          "dependencies": [
            "module.vpc.aws_vpc.todoapp_vpc"
          ]
        }
      ]
    },
    {
      "module": "module.sgs",
      "mode": "managed",
      "type": "aws_security_group",
      "name": "rds_security_group",
      "provider": "provider[\"registry.terraform.io/hashicorp/aws\"]",
      "instances": [
        {
          "schema_version": 1,
          "attributes": {
            "arn": "arn:aws:ec2:ap-south-1:917470431567:security-group/sg-03f120118e6fe9fce",
            "description": "Enable security for RDS instances",
            "egress": [
              {
                "cidr_blocks": [
                  "0.0.0.0/0"
                ],
                "description": "",
                "from_port": 0,
                "ipv6_cidr_blocks": [],
                "prefix_list_ids": [],
                "protocol": "-1",
                "security_groups": [],
                "self": false,
                "to_port": 0
              }
            ],
            "id": "sg-03f120118e6fe9fce",
            "ingress": [
              {
                "cidr_blocks": [],
                "description": "",
                "from_port": 5432,
                "ipv6_cidr_blocks": [],
                "prefix_list_ids": [],
                "protocol": "tcp",
                "security_groups": [],
                "self": false,
                "to_port": 5432
              }
            ],
            "name": "rds-security-group-for-todoapp",
            "name_prefix": "",
            "owner_id": "917470431567",
            "revoke_rules_on_delete": false,
            "tags": {
              "Name": "RDS security group"
            },
            "timeouts": null,
            "vpc_id": "vpc-0f903894c5808f553"
          },
          "private": "eyJlMmJmYjczMC1lY2FhLTExZTYtOGY4OC0zNDM2M2JjN2M0YzAiOnsiY3JlYXRlIjo2MDAwMDAwMDAwMDAsImRlbGV0ZSI6NjAwMDAwMDAwMDAwfSwic2NoZW1hX3ZlcnNpb24iOiIxIn0=",
          "dependencies": [
            "module.vpc.aws_vpc.todoapp_vpc"
          ]
        }
      ]
    },
    {
      "module": "module.vpc",
      "mode": "managed",
      "type": "aws_vpc",
      "name": "todoapp_vpc",
      "provider": "provider[\"registry.terraform.io/hashicorp/aws\"]",
      "instances": [
        {
          "schema_version": 1,
          "attributes": {
            "arn": "arn:aws:ec2:ap-south-1:917470431567:vpc/vpc-0f903894c5808f553",
            "assign_generated_ipv6_cidr_block": false,
            "cidr_block": "10.20.0.0/16",
            "default_network_acl_id": "acl-092d2057278c3c9b7",
            "default_route_table_id": "rtb-0912d8c1f68834ba7",
            "default_security_group_id": "sg-0fbcbd5342441d130",
            "dhcp_options_id": "dopt-5e9b5935",
            "enable_classiclink": null,
            "enable_classiclink_dns_support": null,
            "enable_dns_hostnames": false,
            "enable_dns_support": true,
            "id": "vpc-0f903894c5808f553",
            "instance_tenancy": "default",
            "ipv6_association_id": "",
            "ipv6_cidr_block": "",
            "main_route_table_id": "rtb-0912d8c1f68834ba7",
            "owner_id": "917470431567",
            "tags": {
              "Environment": "default",
              "Location": "India",
              "Name": "todoapp-vpc-dev"
            }
          },
          "private": "eyJzY2hlbWFfdmVyc2lvbiI6IjEifQ=="
        }
      ]
    }
  ]
}
