{
  "version": 4,
  "terraform_version": "0.13.1",
  "serial": 278,
  "lineage": "dce2f716-b422-80d4-0e62-4da970643039",
  "outputs": {},
  "resources": [
    {
      "module": "module.auto-scaling",
      "mode": "managed",
      "type": "aws_autoscaling_group",
      "name": "ec2_autoscaling_group",
      "provider": "provider[\"registry.terraform.io/hashicorp/aws\"]",
      "instances": [
        {
          "schema_version": 0,
          "attributes": {
            "arn": "arn:aws:autoscaling:ap-south-1:917470431567:autoScalingGroup:496be82a-c90d-4584-bd15-f539ded4d229:autoScalingGroupName/ec2-autoscaling-group",
            "availability_zones": [
              "ap-south-1a",
              "ap-south-1b",
              "ap-south-1c"
            ],
            "default_cooldown": 300,
            "desired_capacity": 1,
            "enabled_metrics": [],
            "force_delete": false,
            "health_check_grace_period": 60,
            "health_check_type": "ELB",
            "id": "ec2-autoscaling-group",
            "initial_lifecycle_hook": [],
            "launch_configuration": "ec2-launch-configuration",
            "launch_template": [],
            "load_balancers": [
              "ec2-load-balancer-default"
            ],
            "max_instance_lifetime": 0,
            "max_size": 3,
            "metrics_granularity": "1Minute",
            "min_elb_capacity": null,
            "min_size": 1,
            "mixed_instances_policy": [],
            "name": "ec2-autoscaling-group",
            "name_prefix": null,
            "placement_group": "",
            "protect_from_scale_in": false,
            "service_linked_role_arn": "arn:aws:iam::917470431567:role/aws-service-role/autoscaling.amazonaws.com/AWSServiceRoleForAutoScaling",
            "suspended_processes": [],
            "tag": [],
            "tags": null,
            "target_group_arns": [],
            "termination_policies": [],
            "timeouts": null,
            "vpc_zone_identifier": [
              "subnet-019d47bbeeb201185",
              "subnet-02b83ff292df13d7e",
              "subnet-08b1cfe757c3b600f"
            ],
            "wait_for_capacity_timeout": "10m",
            "wait_for_elb_capacity": null
          },
          "private": "eyJlMmJmYjczMC1lY2FhLTExZTYtOGY4OC0zNDM2M2JjN2M0YzAiOnsiZGVsZXRlIjo2MDAwMDAwMDAwMDB9fQ==",
          "dependencies": [
            "module.auto-scaling.aws_launch_configuration.ec2_launch_config",
            "module.ec2.aws_instance.todoapp_ec2_instance",
            "module.elb.aws_elb.ec2_load_balancer",
            "module.public-subnets.aws_subnet.public-subnets",
            "module.public-subnets.data.aws_availability_zones.available",
            "module.sgs.aws_security_group.ec2_lb_security_group"
          ]
        }
      ]
    },
    {
      "module": "module.auto-scaling",
      "mode": "managed",
      "type": "aws_autoscaling_policy",
      "name": "ec2_add_instances_policy",
      "provider": "provider[\"registry.terraform.io/hashicorp/aws\"]",
      "instances": [
        {
          "schema_version": 0,
          "attributes": {
            "adjustment_type": "ChangeInCapacity",
            "arn": "arn:aws:autoscaling:ap-south-1:917470431567:scalingPolicy:d32b7681-585e-44e9-9056-0bcebbf25822:autoScalingGroupName/ec2-autoscaling-group:policyName/ec2-add-instances-policy",
            "autoscaling_group_name": "ec2-autoscaling-group",
            "cooldown": 60,
            "estimated_instance_warmup": 0,
            "id": "ec2-add-instances-policy",
            "metric_aggregation_type": "",
            "min_adjustment_magnitude": null,
            "name": "ec2-add-instances-policy",
            "policy_type": "SimpleScaling",
            "scaling_adjustment": 1,
            "step_adjustment": [],
            "target_tracking_configuration": []
          },
          "private": "bnVsbA==",
          "dependencies": [
            "module.auto-scaling.aws_autoscaling_group.ec2_autoscaling_group",
            "module.auto-scaling.aws_launch_configuration.ec2_launch_config",
            "module.elb.aws_elb.ec2_load_balancer",
            "module.public-subnets.aws_subnet.public-subnets",
            "module.public-subnets.data.aws_availability_zones.available"
          ]
        }
      ]
    },
    {
      "module": "module.auto-scaling",
      "mode": "managed",
      "type": "aws_autoscaling_policy",
      "name": "ec2_remove_instances_policy",
      "provider": "provider[\"registry.terraform.io/hashicorp/aws\"]",
      "instances": [
        {
          "schema_version": 0,
          "attributes": {
            "adjustment_type": "ChangeInCapacity",
            "arn": "arn:aws:autoscaling:ap-south-1:917470431567:scalingPolicy:a38d12c6-023b-44ac-a3b2-213be41ad522:autoScalingGroupName/ec2-autoscaling-group:policyName/ec2-remove-instances-policy",
            "autoscaling_group_name": "ec2-autoscaling-group",
            "cooldown": 60,
            "estimated_instance_warmup": 0,
            "id": "ec2-remove-instances-policy",
            "metric_aggregation_type": "",
            "min_adjustment_magnitude": null,
            "name": "ec2-remove-instances-policy",
            "policy_type": "SimpleScaling",
            "scaling_adjustment": -1,
            "step_adjustment": [],
            "target_tracking_configuration": []
          },
          "private": "bnVsbA==",
          "dependencies": [
            "module.auto-scaling.aws_autoscaling_group.ec2_autoscaling_group",
            "module.auto-scaling.aws_launch_configuration.ec2_launch_config",
            "module.elb.aws_elb.ec2_load_balancer",
            "module.public-subnets.aws_subnet.public-subnets",
            "module.public-subnets.data.aws_availability_zones.available"
          ]
        }
      ]
    },
    {
      "module": "module.auto-scaling",
      "mode": "managed",
      "type": "aws_launch_configuration",
      "name": "ec2_launch_config",
      "provider": "provider[\"registry.terraform.io/hashicorp/aws\"]",
      "instances": [
        {
          "schema_version": 0,
          "attributes": {
            "arn": "arn:aws:autoscaling:ap-south-1:917470431567:launchConfiguration:4481640e-1967-4c69-af8e-d3c34df581a3:launchConfigurationName/ec2-launch-configuration",
            "associate_public_ip_address": false,
            "ebs_block_device": [],
            "ebs_optimized": false,
            "enable_monitoring": true,
            "ephemeral_block_device": [],
            "iam_instance_profile": "",
            "id": "ec2-launch-configuration",
            "image_id": "ami-0ebc1ac48dfd14136",
            "instance_type": "t2.micro",
            "key_name": "ec2-key-pair",
            "name": "ec2-launch-configuration",
            "name_prefix": null,
            "placement_tenancy": null,
            "root_block_device": [],
            "security_groups": [
              "sg-0d99446f936d6b5e5"
            ],
            "spot_price": "",
            "user_data": "fe156a8cb2d490bd4116f9d40e971b6da4b20930",
            "user_data_base64": null,
            "vpc_classic_link_id": "",
            "vpc_classic_link_security_groups": []
          },
          "private": "bnVsbA==",
          "dependencies": [
            "module.ec2.aws_key_pair.ec2_key_pair",
            "module.sgs.aws_security_group.ec2_security_group"
          ]
        }
      ]
    },
    {
      "module": "module.ec2",
      "mode": "managed",
      "type": "aws_instance",
      "name": "todoapp_ec2_instance",
      "provider": "provider[\"registry.terraform.io/hashicorp/aws\"]",
      "instances": [
        {
          "index_key": 0,
          "schema_version": 1,
          "attributes": {
            "ami": "ami-0ebc1ac48dfd14136",
            "arn": "arn:aws:ec2:ap-south-1:917470431567:instance/i-09e2bd0429a947b5f",
            "associate_public_ip_address": true,
            "availability_zone": "ap-south-1a",
            "cpu_core_count": 1,
            "cpu_threads_per_core": 1,
            "credit_specification": [
              {
                "cpu_credits": "standard"
              }
            ],
            "disable_api_termination": false,
            "ebs_block_device": [],
            "ebs_optimized": false,
            "ephemeral_block_device": [],
            "get_password_data": false,
            "hibernation": false,
            "host_id": null,
            "iam_instance_profile": "",
            "id": "i-09e2bd0429a947b5f",
            "instance_initiated_shutdown_behavior": null,
            "instance_state": "running",
            "instance_type": "t2.micro",
            "ipv6_address_count": 0,
            "ipv6_addresses": [],
            "key_name": "ec2-key-pair",
            "metadata_options": [
              {
                "http_endpoint": "enabled",
                "http_put_response_hop_limit": 1,
                "http_tokens": "optional"
              }
            ],
            "monitoring": false,
            "network_interface": [],
            "outpost_arn": "",
            "password_data": "",
            "placement_group": "",
            "primary_network_interface_id": "eni-07cc0e03892c39c3b",
            "private_dns": "ip-10-20-0-75.ap-south-1.compute.internal",
            "private_ip": "10.20.0.75",
            "public_dns": "",
            "public_ip": "52.66.200.6",
            "root_block_device": [
              {
                "delete_on_termination": true,
                "device_name": "/dev/xvda",
                "encrypted": false,
                "iops": 100,
                "kms_key_id": "",
                "volume_id": "vol-054a61bec430f753b",
                "volume_size": 8,
                "volume_type": "gp2"
              }
            ],
            "secondary_private_ips": [],
            "security_groups": [],
            "source_dest_check": true,
            "subnet_id": "subnet-019d47bbeeb201185",
            "tags": {
              "Name": "EC2 instance"
            },
            "tenancy": "default",
            "timeouts": null,
            "user_data": "fe156a8cb2d490bd4116f9d40e971b6da4b20930",
            "user_data_base64": null,
            "volume_tags": {},
            "vpc_security_group_ids": [
              "sg-0d99446f936d6b5e5"
            ]
          },
          "private": "eyJlMmJmYjczMC1lY2FhLTExZTYtOGY4OC0zNDM2M2JjN2M0YzAiOnsiY3JlYXRlIjo2MDAwMDAwMDAwMDAsImRlbGV0ZSI6MTIwMDAwMDAwMDAwMCwidXBkYXRlIjo2MDAwMDAwMDAwMDB9LCJzY2hlbWFfdmVyc2lvbiI6IjEifQ==",
          "dependencies": [
            "module.ec2.aws_key_pair.ec2_key_pair",
            "module.public-subnets.aws_subnet.public-subnets",
            "module.public-subnets.data.aws_availability_zones.available",
            "module.sgs.aws_security_group.ec2_security_group",
            "module.vpc.aws_vpc.todoapp_vpc"
          ]
        },
        {
          "index_key": 1,
          "schema_version": 1,
          "attributes": {
            "ami": "ami-0ebc1ac48dfd14136",
            "arn": "arn:aws:ec2:ap-south-1:917470431567:instance/i-0b31976ab641ef32b",
            "associate_public_ip_address": true,
            "availability_zone": "ap-south-1b",
            "cpu_core_count": 1,
            "cpu_threads_per_core": 1,
            "credit_specification": [
              {
                "cpu_credits": "standard"
              }
            ],
            "disable_api_termination": false,
            "ebs_block_device": [],
            "ebs_optimized": false,
            "ephemeral_block_device": [],
            "get_password_data": false,
            "hibernation": false,
            "host_id": null,
            "iam_instance_profile": "",
            "id": "i-0b31976ab641ef32b",
            "instance_initiated_shutdown_behavior": null,
            "instance_state": "running",
            "instance_type": "t2.micro",
            "ipv6_address_count": 0,
            "ipv6_addresses": [],
            "key_name": "ec2-key-pair",
            "metadata_options": [
              {
                "http_endpoint": "enabled",
                "http_put_response_hop_limit": 1,
                "http_tokens": "optional"
              }
            ],
            "monitoring": false,
            "network_interface": [],
            "outpost_arn": "",
            "password_data": "",
            "placement_group": "",
            "primary_network_interface_id": "eni-09725367bd0348d04",
            "private_dns": "ip-10-20-1-129.ap-south-1.compute.internal",
            "private_ip": "10.20.1.129",
            "public_dns": "",
            "public_ip": "13.233.146.95",
            "root_block_device": [
              {
                "delete_on_termination": true,
                "device_name": "/dev/xvda",
                "encrypted": false,
                "iops": 100,
                "kms_key_id": "",
                "volume_id": "vol-03eca901b40dfa56f",
                "volume_size": 8,
                "volume_type": "gp2"
              }
            ],
            "secondary_private_ips": [],
            "security_groups": [],
            "source_dest_check": true,
            "subnet_id": "subnet-08b1cfe757c3b600f",
            "tags": {
              "Name": "EC2 instance"
            },
            "tenancy": "default",
            "timeouts": null,
            "user_data": "fe156a8cb2d490bd4116f9d40e971b6da4b20930",
            "user_data_base64": null,
            "volume_tags": {},
            "vpc_security_group_ids": [
              "sg-0d99446f936d6b5e5"
            ]
          },
          "private": "eyJlMmJmYjczMC1lY2FhLTExZTYtOGY4OC0zNDM2M2JjN2M0YzAiOnsiY3JlYXRlIjo2MDAwMDAwMDAwMDAsImRlbGV0ZSI6MTIwMDAwMDAwMDAwMCwidXBkYXRlIjo2MDAwMDAwMDAwMDB9LCJzY2hlbWFfdmVyc2lvbiI6IjEifQ==",
          "dependencies": [
            "module.ec2.aws_key_pair.ec2_key_pair",
            "module.public-subnets.aws_subnet.public-subnets",
            "module.public-subnets.data.aws_availability_zones.available",
            "module.sgs.aws_security_group.ec2_security_group",
            "module.vpc.aws_vpc.todoapp_vpc"
          ]
        }
      ]
    },
    {
      "module": "module.ec2",
      "mode": "managed",
      "type": "aws_key_pair",
      "name": "ec2_key_pair",
      "provider": "provider[\"registry.terraform.io/hashicorp/aws\"]",
      "instances": [
        {
          "schema_version": 1,
          "attributes": {
            "arn": "arn:aws:ec2:ap-south-1:917470431567:key-pair/ec2-key-pair",
            "fingerprint": "2d:3c:09:f4:cc:d8:8d:db:9f:83:95:92:04:18:b4:67",
            "id": "ec2-key-pair",
            "key_name": "ec2-key-pair",
            "key_name_prefix": null,
            "key_pair_id": "key-099bf877598756bbe",
            "public_key": "ssh-rsa AAAAB3NzaC1yc2EAAAADAQABAAABgQDB34rkbNDD2A/qOAWbnUqHhTLikpjdcEhegaETDpL/UyqWfo0DJTHZrCHuOthAJf2ozZeYE2DO73PDDc1NnfhwyRoKli8AZRuuZnIngVzq8otFrG+07SbGwm8lb9JHOStfBcjNMVJCr24Z/zLh1QF7mSMfiu6PkHm6GhdxPZqjrjG4Jo94DXpqkXpq3HsP5Z3GC8JEBqnKDMtWXW5WHrSSojGECo11EWSCQ6TfcY7KgSMONx7kcO4CfBqdQdfaFmeXD/JZBpPhOtaGu6efG809bLsD1V5bhIbGJ1cYgfLiaKPzmc8/za90VhAQaJZ3qzXPoJYDG7xey+x1OSuevklr5PvilJan08zF6WZhX4n093JCPxxnyLGL5qamDMaebst/rb/WLXtv0bmJiH2AoIP520YppvIijezsnfGSwt/l1Yhc3h77wq+3RAoococ2tHLym4D3/UB9h7EkR/CpkTNVnQQK1igZE+u9QfjHt28nrgoL82cFWB1mPR3WrBCRsp8= lakshmisumathi@lakshmis-MacBook-Pro.local",
            "tags": {}
          },
          "private": "eyJzY2hlbWFfdmVyc2lvbiI6IjEifQ=="
        }
      ]
    },
    {
      "module": "module.elb",
      "mode": "managed",
      "type": "aws_elb",
      "name": "ec2_load_balancer",
      "provider": "provider[\"registry.terraform.io/hashicorp/aws\"]",
      "instances": [
        {
          "schema_version": 0,
          "attributes": {
            "access_logs": [],
            "arn": "arn:aws:elasticloadbalancing:ap-south-1:917470431567:loadbalancer/ec2-load-balancer-default",
            "availability_zones": [
              "ap-south-1a",
              "ap-south-1b",
              "ap-south-1c"
            ],
            "connection_draining": true,
            "connection_draining_timeout": 30,
            "cross_zone_load_balancing": true,
            "dns_name": "ec2-load-balancer-default-2063629752.ap-south-1.elb.amazonaws.com",
            "health_check": [
              {
                "healthy_threshold": 2,
                "interval": 30,
                "target": "HTTP:80/index.html",
                "timeout": 3,
                "unhealthy_threshold": 2
              }
            ],
            "id": "ec2-load-balancer-default",
            "idle_timeout": 400,
            "instances": [
              "i-09e2bd0429a947b5f",
              "i-0b31976ab641ef32b"
            ],
            "internal": false,
            "listener": [
              {
                "instance_port": 80,
                "instance_protocol": "http",
                "lb_port": 80,
                "lb_protocol": "http",
                "ssl_certificate_id": ""
              }
            ],
            "name": "ec2-load-balancer-default",
            "name_prefix": null,
            "security_groups": [
              "sg-0fd5cf2b9b5e4c49f"
            ],
            "source_security_group": "917470431567/ec2-lb-security-group",
            "source_security_group_id": "sg-0fd5cf2b9b5e4c49f",
            "subnets": [
              "subnet-019d47bbeeb201185",
              "subnet-02b83ff292df13d7e",
              "subnet-08b1cfe757c3b600f"
            ],
            "tags": {
              "Name": "ec2-elastic-load-balancer"
            },
            "zone_id": "ZP97RAFLXTNZK"
          },
          "private": "bnVsbA==",
          "dependencies": [
            "module.ec2.aws_instance.todoapp_ec2_instance",
            "module.public-subnets.aws_subnet.public-subnets",
            "module.public-subnets.data.aws_availability_zones.available",
            "module.sgs.aws_security_group.ec2_lb_security_group"
          ]
        }
      ]
    },
    {
      "module": "module.igw",
      "mode": "managed",
      "type": "aws_internet_gateway",
      "name": "igw",
      "provider": "provider[\"registry.terraform.io/hashicorp/aws\"]",
      "instances": [
        {
          "schema_version": 0,
          "attributes": {
            "arn": "arn:aws:ec2:ap-south-1:917470431567:internet-gateway/igw-0efc8ad92ee243868",
            "id": "igw-0efc8ad92ee243868",
            "owner_id": "917470431567",
            "tags": {
              "Name": "Internet Gateway"
            },
            "vpc_id": "vpc-0595b2fae791fb15c"
          },
          "private": "bnVsbA==",
          "dependencies": [
            "module.vpc.aws_vpc.todoapp_vpc"
          ]
        }
      ]
    },
    {
      "module": "module.igw",
      "mode": "managed",
      "type": "aws_route_table",
      "name": "public-route-table",
      "provider": "provider[\"registry.terraform.io/hashicorp/aws\"]",
      "instances": [
        {
          "schema_version": 0,
          "attributes": {
            "id": "rtb-04a55fc5497b45049",
            "owner_id": "917470431567",
            "propagating_vgws": [],
            "route": [
              {
                "cidr_block": "0.0.0.0/0",
                "egress_only_gateway_id": "",
                "gateway_id": "igw-0efc8ad92ee243868",
                "instance_id": "",
                "ipv6_cidr_block": "",
                "local_gateway_id": "",
                "nat_gateway_id": "",
                "network_interface_id": "",
                "transit_gateway_id": "",
                "vpc_peering_connection_id": ""
              }
            ],
            "tags": {
              "Name": "Public route table"
            },
            "vpc_id": "vpc-0595b2fae791fb15c"
          },
          "private": "bnVsbA==",
          "dependencies": [
            "module.igw.aws_internet_gateway.igw",
            "module.vpc.aws_vpc.todoapp_vpc"
          ]
        }
      ]
    },
    {
      "module": "module.igw",
      "mode": "managed",
      "type": "aws_route_table_association",
      "name": "route-public-subnet-association",
      "provider": "provider[\"registry.terraform.io/hashicorp/aws\"]",
      "instances": [
        {
          "index_key": 0,
          "schema_version": 0,
          "attributes": {
            "gateway_id": null,
            "id": "rtbassoc-0fd5bfb41075dd943",
            "route_table_id": "rtb-04a55fc5497b45049",
            "subnet_id": "subnet-019d47bbeeb201185"
          },
          "private": "bnVsbA==",
          "dependencies": [
            "module.igw.aws_internet_gateway.igw",
            "module.igw.aws_route_table.public-route-table",
            "module.public-subnets.aws_subnet.public-subnets",
            "module.public-subnets.data.aws_availability_zones.available",
            "module.vpc.aws_vpc.todoapp_vpc"
          ]
        },
        {
          "index_key": 1,
          "schema_version": 0,
          "attributes": {
            "gateway_id": null,
            "id": "rtbassoc-04cbf88fd79ba09e8",
            "route_table_id": "rtb-04a55fc5497b45049",
            "subnet_id": "subnet-08b1cfe757c3b600f"
          },
          "private": "bnVsbA==",
          "dependencies": [
            "module.igw.aws_internet_gateway.igw",
            "module.igw.aws_route_table.public-route-table",
            "module.public-subnets.aws_subnet.public-subnets",
            "module.public-subnets.data.aws_availability_zones.available",
            "module.vpc.aws_vpc.todoapp_vpc"
          ]
        },
        {
          "index_key": 2,
          "schema_version": 0,
          "attributes": {
            "gateway_id": null,
            "id": "rtbassoc-0b94171bd57e9b85a",
            "route_table_id": "rtb-04a55fc5497b45049",
            "subnet_id": "subnet-02b83ff292df13d7e"
          },
          "private": "bnVsbA==",
          "dependencies": [
            "module.igw.aws_internet_gateway.igw",
            "module.igw.aws_route_table.public-route-table",
            "module.public-subnets.aws_subnet.public-subnets",
            "module.public-subnets.data.aws_availability_zones.available",
            "module.vpc.aws_vpc.todoapp_vpc"
          ]
        }
      ]
    },
    {
      "module": "module.nat",
      "mode": "managed",
      "type": "aws_instance",
      "name": "nat_instance",
      "provider": "provider[\"registry.terraform.io/hashicorp/aws\"]",
      "instances": [
        {
          "schema_version": 1,
          "attributes": {
            "ami": "ami-0a780d5bac870126a",
            "arn": "arn:aws:ec2:ap-south-1:917470431567:instance/i-07bf2f362bf6d864f",
            "associate_public_ip_address": true,
            "availability_zone": "ap-south-1a",
            "cpu_core_count": 1,
            "cpu_threads_per_core": 1,
            "credit_specification": [
              {
                "cpu_credits": "standard"
              }
            ],
            "disable_api_termination": false,
            "ebs_block_device": [],
            "ebs_optimized": false,
            "ephemeral_block_device": [],
            "get_password_data": false,
            "hibernation": false,
            "host_id": null,
            "iam_instance_profile": "",
            "id": "i-07bf2f362bf6d864f",
            "instance_initiated_shutdown_behavior": null,
            "instance_state": "running",
            "instance_type": "t2.micro",
            "ipv6_address_count": 0,
            "ipv6_addresses": [],
            "key_name": "",
            "metadata_options": [
              {
                "http_endpoint": "enabled",
                "http_put_response_hop_limit": 1,
                "http_tokens": "optional"
              }
            ],
            "monitoring": false,
            "network_interface": [],
            "outpost_arn": "",
            "password_data": "",
            "placement_group": "",
            "primary_network_interface_id": "eni-0e5f70f4fc385daf9",
            "private_dns": "ip-10-20-0-157.ap-south-1.compute.internal",
            "private_ip": "10.20.0.157",
            "public_dns": "",
            "public_ip": "13.232.242.87",
            "root_block_device": [
              {
                "delete_on_termination": true,
                "device_name": "/dev/xvda",
                "encrypted": false,
                "iops": 100,
                "kms_key_id": "",
                "volume_id": "vol-07e2db398ed44979a",
                "volume_size": 8,
                "volume_type": "gp2"
              }
            ],
            "secondary_private_ips": [],
            "security_groups": [],
            "source_dest_check": false,
            "subnet_id": "subnet-019d47bbeeb201185",
            "tags": {
              "Name": "NAT instance on public subnet subnet-019d47bbeeb201185"
            },
            "tenancy": "default",
            "timeouts": null,
            "user_data": null,
            "user_data_base64": null,
            "volume_tags": {},
            "vpc_security_group_ids": [
              "sg-03a6bb17f125486ad"
            ]
          },
          "private": "eyJlMmJmYjczMC1lY2FhLTExZTYtOGY4OC0zNDM2M2JjN2M0YzAiOnsiY3JlYXRlIjo2MDAwMDAwMDAwMDAsImRlbGV0ZSI6MTIwMDAwMDAwMDAwMCwidXBkYXRlIjo2MDAwMDAwMDAwMDB9LCJzY2hlbWFfdmVyc2lvbiI6IjEifQ==",
          "dependencies": [
            "module.public-subnets.aws_subnet.public-subnets",
            "module.public-subnets.data.aws_availability_zones.available",
            "module.sgs.aws_security_group.nat_security_group",
            "module.vpc.aws_vpc.todoapp_vpc"
          ]
        }
      ]
    },
    {
      "module": "module.nat",
      "mode": "managed",
      "type": "aws_route_table",
      "name": "private_route_table_to_nat",
      "provider": "provider[\"registry.terraform.io/hashicorp/aws\"]",
      "instances": [
        {
          "schema_version": 0,
          "attributes": {
            "id": "rtb-02fde342bd761c7e0",
            "owner_id": "917470431567",
            "propagating_vgws": [],
            "route": [
              {
                "cidr_block": "0.0.0.0/0",
                "egress_only_gateway_id": "",
                "gateway_id": "",
                "instance_id": "i-07bf2f362bf6d864f",
                "ipv6_cidr_block": "",
                "local_gateway_id": "",
                "nat_gateway_id": "",
                "network_interface_id": "eni-0e5f70f4fc385daf9",
                "transit_gateway_id": "",
                "vpc_peering_connection_id": ""
              }
            ],
            "tags": {
              "Name": "Private route table for NAT instance"
            },
            "vpc_id": "vpc-0595b2fae791fb15c"
          },
          "private": "bnVsbA==",
          "dependencies": [
            "module.nat.aws_instance.nat_instance",
            "module.public-subnets.aws_subnet.public-subnets",
            "module.public-subnets.data.aws_availability_zones.available",
            "module.sgs.aws_security_group.nat_security_group",
            "module.vpc.aws_vpc.todoapp_vpc"
          ]
        }
      ]
    },
    {
      "module": "module.nat",
      "mode": "managed",
      "type": "aws_route_table_association",
      "name": "private-route-table-to-private-subnets-association",
      "provider": "provider[\"registry.terraform.io/hashicorp/aws\"]",
      "instances": [
        {
          "index_key": 0,
          "schema_version": 0,
          "attributes": {
            "gateway_id": null,
            "id": "rtbassoc-080d5183a5bee6cc3",
            "route_table_id": "rtb-02fde342bd761c7e0",
            "subnet_id": "subnet-067ce66a2bf849ded"
          },
          "private": "bnVsbA==",
          "dependencies": [
            "module.nat.aws_instance.nat_instance",
            "module.nat.aws_route_table.private_route_table_to_nat",
            "module.private-subnets.aws_subnet.private-subnets",
            "module.public-subnets.aws_subnet.public-subnets",
            "module.public-subnets.data.aws_availability_zones.available",
            "module.sgs.aws_security_group.nat_security_group",
            "module.vpc.aws_vpc.todoapp_vpc"
          ]
        },
        {
          "index_key": 1,
          "schema_version": 0,
          "attributes": {
            "gateway_id": null,
            "id": "rtbassoc-0da29aba973d67330",
            "route_table_id": "rtb-02fde342bd761c7e0",
            "subnet_id": "subnet-09156121c0bdb70d6"
          },
          "private": "bnVsbA==",
          "dependencies": [
            "module.nat.aws_instance.nat_instance",
            "module.nat.aws_route_table.private_route_table_to_nat",
            "module.private-subnets.aws_subnet.private-subnets",
            "module.public-subnets.aws_subnet.public-subnets",
            "module.public-subnets.data.aws_availability_zones.available",
            "module.sgs.aws_security_group.nat_security_group",
            "module.vpc.aws_vpc.todoapp_vpc"
          ]
        }
      ]
    },
    {
      "module": "module.private-subnets",
      "mode": "managed",
      "type": "aws_subnet",
      "name": "private-subnets",
      "provider": "provider[\"registry.terraform.io/hashicorp/aws\"]",
      "instances": [
        {
          "index_key": 0,
          "schema_version": 1,
          "attributes": {
            "arn": "arn:aws:ec2:ap-south-1:917470431567:subnet/subnet-067ce66a2bf849ded",
            "assign_ipv6_address_on_creation": false,
            "availability_zone": "ap-south-1a",
            "availability_zone_id": "aps1-az1",
            "cidr_block": "10.20.3.0/24",
            "id": "subnet-067ce66a2bf849ded",
            "ipv6_cidr_block": "",
            "ipv6_cidr_block_association_id": "",
            "map_public_ip_on_launch": false,
            "outpost_arn": "",
            "owner_id": "917470431567",
            "tags": {
              "Name": "Private Subnet - 1 "
            },
            "timeouts": null,
            "vpc_id": "vpc-0595b2fae791fb15c"
          },
          "private": "eyJlMmJmYjczMC1lY2FhLTExZTYtOGY4OC0zNDM2M2JjN2M0YzAiOnsiY3JlYXRlIjo2MDAwMDAwMDAwMDAsImRlbGV0ZSI6MTIwMDAwMDAwMDAwMH0sInNjaGVtYV92ZXJzaW9uIjoiMSJ9",
          "dependencies": [
            "module.public-subnets.data.aws_availability_zones.available",
            "module.vpc.aws_vpc.todoapp_vpc"
          ]
        },
        {
          "index_key": 1,
          "schema_version": 1,
          "attributes": {
            "arn": "arn:aws:ec2:ap-south-1:917470431567:subnet/subnet-09156121c0bdb70d6",
            "assign_ipv6_address_on_creation": false,
            "availability_zone": "ap-south-1b",
            "availability_zone_id": "aps1-az3",
            "cidr_block": "10.20.4.0/24",
            "id": "subnet-09156121c0bdb70d6",
            "ipv6_cidr_block": "",
            "ipv6_cidr_block_association_id": "",
            "map_public_ip_on_launch": false,
            "outpost_arn": "",
            "owner_id": "917470431567",
            "tags": {
              "Name": "Private Subnet - 2 "
            },
            "timeouts": null,
            "vpc_id": "vpc-0595b2fae791fb15c"
          },
          "private": "eyJlMmJmYjczMC1lY2FhLTExZTYtOGY4OC0zNDM2M2JjN2M0YzAiOnsiY3JlYXRlIjo2MDAwMDAwMDAwMDAsImRlbGV0ZSI6MTIwMDAwMDAwMDAwMH0sInNjaGVtYV92ZXJzaW9uIjoiMSJ9",
          "dependencies": [
            "module.public-subnets.data.aws_availability_zones.available",
            "module.vpc.aws_vpc.todoapp_vpc"
          ]
        }
      ]
    },
    {
      "module": "module.public-subnets",
      "mode": "data",
      "type": "aws_availability_zones",
      "name": "available",
      "provider": "provider[\"registry.terraform.io/hashicorp/aws\"]",
      "instances": [
        {
          "schema_version": 0,
          "attributes": {
            "all_availability_zones": null,
            "exclude_names": null,
            "exclude_zone_ids": null,
            "filter": null,
            "group_names": [
              "ap-south-1"
            ],
            "id": "2020-09-09 01:41:49.81571 +0000 UTC",
            "names": [
              "ap-south-1a",
              "ap-south-1b",
              "ap-south-1c"
            ],
            "state": "available",
            "zone_ids": [
              "aps1-az1",
              "aps1-az3",
              "aps1-az2"
            ]
          }
        }
      ]
    },
    {
      "module": "module.public-subnets",
      "mode": "managed",
      "type": "aws_subnet",
      "name": "public-subnets",
      "provider": "provider[\"registry.terraform.io/hashicorp/aws\"]",
      "instances": [
        {
          "index_key": 0,
          "schema_version": 1,
          "attributes": {
            "arn": "arn:aws:ec2:ap-south-1:917470431567:subnet/subnet-019d47bbeeb201185",
            "assign_ipv6_address_on_creation": false,
            "availability_zone": "ap-south-1a",
            "availability_zone_id": "aps1-az1",
            "cidr_block": "10.20.0.0/24",
            "id": "subnet-019d47bbeeb201185",
            "ipv6_cidr_block": "",
            "ipv6_cidr_block_association_id": "",
            "map_public_ip_on_launch": true,
            "outpost_arn": "",
            "owner_id": "917470431567",
            "tags": {
              "Name": "Public Subnet - 1 "
            },
            "timeouts": null,
            "vpc_id": "vpc-0595b2fae791fb15c"
          },
          "private": "eyJlMmJmYjczMC1lY2FhLTExZTYtOGY4OC0zNDM2M2JjN2M0YzAiOnsiY3JlYXRlIjo2MDAwMDAwMDAwMDAsImRlbGV0ZSI6MTIwMDAwMDAwMDAwMH0sInNjaGVtYV92ZXJzaW9uIjoiMSJ9",
          "dependencies": [
            "module.public-subnets.data.aws_availability_zones.available",
            "module.vpc.aws_vpc.todoapp_vpc"
          ]
        },
        {
          "index_key": 1,
          "schema_version": 1,
          "attributes": {
            "arn": "arn:aws:ec2:ap-south-1:917470431567:subnet/subnet-08b1cfe757c3b600f",
            "assign_ipv6_address_on_creation": false,
            "availability_zone": "ap-south-1b",
            "availability_zone_id": "aps1-az3",
            "cidr_block": "10.20.1.0/24",
            "id": "subnet-08b1cfe757c3b600f",
            "ipv6_cidr_block": "",
            "ipv6_cidr_block_association_id": "",
            "map_public_ip_on_launch": true,
            "outpost_arn": "",
            "owner_id": "917470431567",
            "tags": {
              "Name": "Public Subnet - 2 "
            },
            "timeouts": null,
            "vpc_id": "vpc-0595b2fae791fb15c"
          },
          "private": "eyJlMmJmYjczMC1lY2FhLTExZTYtOGY4OC0zNDM2M2JjN2M0YzAiOnsiY3JlYXRlIjo2MDAwMDAwMDAwMDAsImRlbGV0ZSI6MTIwMDAwMDAwMDAwMH0sInNjaGVtYV92ZXJzaW9uIjoiMSJ9",
          "dependencies": [
            "module.public-subnets.data.aws_availability_zones.available",
            "module.vpc.aws_vpc.todoapp_vpc"
          ]
        },
        {
          "index_key": 2,
          "schema_version": 1,
          "attributes": {
            "arn": "arn:aws:ec2:ap-south-1:917470431567:subnet/subnet-02b83ff292df13d7e",
            "assign_ipv6_address_on_creation": false,
            "availability_zone": "ap-south-1c",
            "availability_zone_id": "aps1-az2",
            "cidr_block": "10.20.2.0/24",
            "id": "subnet-02b83ff292df13d7e",
            "ipv6_cidr_block": "",
            "ipv6_cidr_block_association_id": "",
            "map_public_ip_on_launch": true,
            "outpost_arn": "",
            "owner_id": "917470431567",
            "tags": {
              "Name": "Public Subnet - 3 "
            },
            "timeouts": null,
            "vpc_id": "vpc-0595b2fae791fb15c"
          },
          "private": "eyJlMmJmYjczMC1lY2FhLTExZTYtOGY4OC0zNDM2M2JjN2M0YzAiOnsiY3JlYXRlIjo2MDAwMDAwMDAwMDAsImRlbGV0ZSI6MTIwMDAwMDAwMDAwMH0sInNjaGVtYV92ZXJzaW9uIjoiMSJ9",
          "dependencies": [
            "module.public-subnets.data.aws_availability_zones.available",
            "module.vpc.aws_vpc.todoapp_vpc"
          ]
        }
      ]
    },
    {
      "module": "module.rds",
      "mode": "managed",
      "type": "aws_db_instance",
      "name": "postgres_db_instance",
      "provider": "provider[\"registry.terraform.io/hashicorp/aws\"]",
      "instances": [
        {
          "schema_version": 1,
          "attributes": {
            "address": "postgres-rds-instance.c3sibbpzrxml.ap-south-1.rds.amazonaws.com",
            "allocated_storage": 20,
            "allow_major_version_upgrade": null,
            "apply_immediately": null,
            "arn": "arn:aws:rds:ap-south-1:917470431567:db:postgres-rds-instance",
            "auto_minor_version_upgrade": false,
            "availability_zone": "ap-south-1b",
            "backup_retention_period": 0,
            "backup_window": "01:00-01:30",
            "ca_cert_identifier": "rds-ca-2019",
            "character_set_name": null,
            "copy_tags_to_snapshot": false,
            "db_subnet_group_name": "rds-postgres-subnet-group",
            "delete_automated_backups": true,
            "deletion_protection": false,
            "domain": "",
            "domain_iam_role_name": "",
            "enabled_cloudwatch_logs_exports": [],
            "endpoint": "postgres-rds-instance.c3sibbpzrxml.ap-south-1.rds.amazonaws.com:5432",
            "engine": "postgres",
            "engine_version": "9.6.9",
            "final_snapshot_identifier": null,
            "hosted_zone_id": "Z2VFMSZA74J7XZ",
            "iam_database_authentication_enabled": false,
            "id": "postgres-rds-instance",
            "identifier": "postgres-rds-instance",
            "identifier_prefix": null,
            "instance_class": "db.t2.micro",
            "iops": 0,
            "kms_key_id": "",
            "license_model": "postgresql-license",
            "maintenance_window": "wed:09:56-wed:10:26",
            "max_allocated_storage": 100,
            "monitoring_interval": 0,
            "monitoring_role_arn": "",
            "multi_az": false,
            "name": "postgresDbInstancedefault",
            "option_group_name": "default:postgres-9-6",
            "parameter_group_name": "default.postgres9.6",
            "password": "postgres",
            "performance_insights_enabled": false,
            "performance_insights_kms_key_id": "",
            "performance_insights_retention_period": 0,
            "port": 5432,
            "publicly_accessible": false,
            "replicas": [],
            "replicate_source_db": "",
            "resource_id": "db-X3PN56F4V3MCT72RJW5CFCRDLU",
            "s3_import": [],
            "security_group_names": [],
            "skip_final_snapshot": false,
            "snapshot_identifier": null,
            "status": "available",
            "storage_encrypted": false,
            "storage_type": "gp2",
            "tags": {},
            "timeouts": null,
            "timezone": "",
            "username": "postgres",
            "vpc_security_group_ids": [
              "sg-05ca2200296fbfe21"
            ]
          },
          "dependencies": [
            "module.private-subnets.aws_subnet.private-subnets",
            "module.public-subnets.data.aws_availability_zones.available",
            "module.rds.aws_db_subnet_group.aws_db_subnet_group",
            "module.sgs.aws_security_group.rds_security_group",
            "module.vpc.aws_vpc.todoapp_vpc"
          ]
        }
      ]
    },
    {
      "module": "module.rds",
      "mode": "managed",
      "type": "aws_db_subnet_group",
      "name": "aws_db_subnet_group",
      "provider": "provider[\"registry.terraform.io/hashicorp/aws\"]",
      "instances": [
        {
          "schema_version": 0,
          "attributes": {
            "arn": "arn:aws:rds:ap-south-1:917470431567:subgrp:rds-postgres-subnet-group",
            "description": "Managed by Terraform",
            "id": "rds-postgres-subnet-group",
            "name": "rds-postgres-subnet-group",
            "name_prefix": null,
            "subnet_ids": [
              "subnet-067ce66a2bf849ded",
              "subnet-09156121c0bdb70d6"
            ],
            "tags": {
              "Name": "DB subnet group for postgres RDS"
            }
          },
          "private": "bnVsbA==",
          "dependencies": [
            "module.private-subnets.aws_subnet.private-subnets",
            "module.public-subnets.data.aws_availability_zones.available",
            "module.vpc.aws_vpc.todoapp_vpc"
          ]
        }
      ]
    },
    {
      "module": "module.s3",
      "mode": "managed",
      "type": "aws_s3_bucket",
      "name": "react_ui_s3_bucket",
      "provider": "provider[\"registry.terraform.io/hashicorp/aws\"]",
      "instances": [
        {
          "schema_version": 0,
          "attributes": {
            "acceleration_status": "",
            "acl": "public-read",
            "arn": "arn:aws:s3:::todoapp-react-ui-code",
            "bucket": "todoapp-react-ui-code",
            "bucket_domain_name": "todoapp-react-ui-code.s3.amazonaws.com",
            "bucket_prefix": null,
            "bucket_regional_domain_name": "todoapp-react-ui-code.s3.ap-south-1.amazonaws.com",
            "cors_rule": [],
            "force_destroy": false,
            "grant": [],
            "hosted_zone_id": "Z11RGJOFQNVJUP",
            "id": "todoapp-react-ui-code",
            "lifecycle_rule": [],
            "logging": [],
            "object_lock_configuration": [],
            "policy": null,
            "region": "ap-south-1",
            "replication_configuration": [],
            "request_payer": "BucketOwner",
            "server_side_encryption_configuration": [],
            "tags": {
              "Environment": "default",
              "Name": "Todo app UI code bucket"
            },
            "versioning": [
              {
                "enabled": false,
                "mfa_delete": false
              }
            ],
            "website": [],
            "website_domain": null,
            "website_endpoint": null
          },
          "private": "bnVsbA=="
        }
      ]
    },
    {
      "module": "module.s3",
      "mode": "managed",
      "type": "aws_s3_bucket_object",
      "name": "todoapp_ui_files",
      "provider": "provider[\"registry.terraform.io/hashicorp/aws\"]",
      "instances": [
        {
          "index_key": "index.html",
          "schema_version": 0,
          "attributes": {
            "acl": "public-read",
            "bucket": "todoapp-react-ui-code",
            "cache_control": "",
            "content": null,
            "content_base64": null,
            "content_disposition": "",
            "content_encoding": "",
            "content_language": "",
            "content_type": "binary/octet-stream",
            "etag": "183b28efc8fe8899fec5b10a7ce5f59d",
            "force_destroy": false,
            "id": "index.html",
            "key": "index.html",
            "kms_key_id": null,
            "metadata": {},
            "object_lock_legal_hold_status": "",
            "object_lock_mode": "",
            "object_lock_retain_until_date": "",
            "server_side_encryption": "",
            "source": "../../todoapp-redux/dist/index.html",
            "storage_class": "STANDARD",
            "tags": {},
            "version_id": "",
            "website_redirect": ""
          },
          "private": "bnVsbA==",
          "dependencies": [
            "module.s3.aws_s3_bucket.react_ui_s3_bucket"
          ]
        },
        {
          "index_key": "main.js",
          "schema_version": 0,
          "attributes": {
            "acl": "public-read",
            "bucket": "todoapp-react-ui-code",
            "cache_control": "",
            "content": null,
            "content_base64": null,
            "content_disposition": "",
            "content_encoding": "",
            "content_language": "",
            "content_type": "application/javascript",
            "etag": "b2d54823eee34aebe69b5587041d7d7f",
            "force_destroy": false,
            "id": "main.js",
            "key": "main.js",
            "kms_key_id": null,
            "metadata": {},
            "object_lock_legal_hold_status": "",
            "object_lock_mode": "",
            "object_lock_retain_until_date": "",
            "server_side_encryption": "",
            "source": "../../todoapp-redux/dist/main.js",
            "storage_class": "STANDARD",
            "tags": {},
            "version_id": "",
            "website_redirect": ""
          },
          "private": "bnVsbA==",
          "dependencies": [
            "module.s3.aws_s3_bucket.react_ui_s3_bucket"
          ]
        }
      ]
    },
    {
      "module": "module.sgs",
      "mode": "managed",
      "type": "aws_security_group",
      "name": "ec2_lb_security_group",
      "provider": "provider[\"registry.terraform.io/hashicorp/aws\"]",
      "instances": [
        {
          "schema_version": 1,
          "attributes": {
            "arn": "arn:aws:ec2:ap-south-1:917470431567:security-group/sg-0fd5cf2b9b5e4c49f",
            "description": "Enable security for ELB",
            "egress": [
              {
                "cidr_blocks": [
                  "0.0.0.0/0"
                ],
                "description": "",
                "from_port": 0,
                "ipv6_cidr_blocks": [],
                "prefix_list_ids": [],
                "protocol": "-1",
                "security_groups": [],
                "self": false,
                "to_port": 0
              }
            ],
            "id": "sg-0fd5cf2b9b5e4c49f",
            "ingress": [
              {
                "cidr_blocks": [
                  "0.0.0.0/0"
                ],
                "description": "",
                "from_port": 0,
                "ipv6_cidr_blocks": [],
                "prefix_list_ids": [],
                "protocol": "-1",
                "security_groups": [],
                "self": false,
                "to_port": 0
              }
            ],
            "name": "ec2-lb-security-group",
            "name_prefix": "",
            "owner_id": "917470431567",
            "revoke_rules_on_delete": false,
            "tags": {
              "Name": "ELB security group"
            },
            "timeouts": null,
            "vpc_id": "vpc-0595b2fae791fb15c"
          },
          "private": "eyJlMmJmYjczMC1lY2FhLTExZTYtOGY4OC0zNDM2M2JjN2M0YzAiOnsiY3JlYXRlIjo2MDAwMDAwMDAwMDAsImRlbGV0ZSI6NjAwMDAwMDAwMDAwfSwic2NoZW1hX3ZlcnNpb24iOiIxIn0=",
          "dependencies": [
            "module.vpc.aws_vpc.todoapp_vpc"
          ]
        }
      ]
    },
    {
      "module": "module.sgs",
      "mode": "managed",
      "type": "aws_security_group",
      "name": "ec2_security_group",
      "provider": "provider[\"registry.terraform.io/hashicorp/aws\"]",
      "instances": [
        {
          "schema_version": 1,
          "attributes": {
            "arn": "arn:aws:ec2:ap-south-1:917470431567:security-group/sg-0d99446f936d6b5e5",
            "description": "Enable security for EC2 instances",
            "egress": [
              {
                "cidr_blocks": [
                  "0.0.0.0/0"
                ],
                "description": "",
                "from_port": 0,
                "ipv6_cidr_blocks": [],
                "prefix_list_ids": [],
                "protocol": "-1",
                "security_groups": [],
                "self": false,
                "to_port": 0
              }
            ],
            "id": "sg-0d99446f936d6b5e5",
            "ingress": [
              {
                "cidr_blocks": [
                  "0.0.0.0/0"
                ],
                "description": "",
                "from_port": 22,
                "ipv6_cidr_blocks": [],
                "prefix_list_ids": [],
                "protocol": "tcp",
                "security_groups": [],
                "self": false,
                "to_port": 22
              },
              {
                "cidr_blocks": [
                  "0.0.0.0/0"
                ],
                "description": "",
                "from_port": 80,
                "ipv6_cidr_blocks": [],
                "prefix_list_ids": [],
                "protocol": "tcp",
                "security_groups": [],
                "self": false,
                "to_port": 80
              }
            ],
            "name": "EC2 Security Group",
            "name_prefix": "",
            "owner_id": "917470431567",
            "revoke_rules_on_delete": false,
            "tags": {
              "Name": "EC2 security group"
            },
            "timeouts": null,
            "vpc_id": "vpc-0595b2fae791fb15c"
          },
          "private": "eyJlMmJmYjczMC1lY2FhLTExZTYtOGY4OC0zNDM2M2JjN2M0YzAiOnsiY3JlYXRlIjo2MDAwMDAwMDAwMDAsImRlbGV0ZSI6NjAwMDAwMDAwMDAwfSwic2NoZW1hX3ZlcnNpb24iOiIxIn0=",
          "dependencies": [
            "module.vpc.aws_vpc.todoapp_vpc"
          ]
        }
      ]
    },
    {
      "module": "module.sgs",
      "mode": "managed",
      "type": "aws_security_group",
      "name": "nat_security_group",
      "provider": "provider[\"registry.terraform.io/hashicorp/aws\"]",
      "instances": [
        {
          "schema_version": 1,
          "attributes": {
            "arn": "arn:aws:ec2:ap-south-1:917470431567:security-group/sg-03a6bb17f125486ad",
            "description": "Allow traffic for private subnets",
            "egress": [
              {
                "cidr_blocks": [
                  "0.0.0.0/0"
                ],
                "description": "",
                "from_port": 0,
                "ipv6_cidr_blocks": [],
                "prefix_list_ids": [],
                "protocol": "-1",
                "security_groups": [],
                "self": false,
                "to_port": 0
              }
            ],
            "id": "sg-03a6bb17f125486ad",
            "ingress": [],
            "name": "NAT Security Group",
            "name_prefix": "",
            "owner_id": "917470431567",
            "revoke_rules_on_delete": false,
            "tags": {
              "Name": "NAT security group"
            },
            "timeouts": null,
            "vpc_id": "vpc-0595b2fae791fb15c"
          },
          "private": "eyJlMmJmYjczMC1lY2FhLTExZTYtOGY4OC0zNDM2M2JjN2M0YzAiOnsiY3JlYXRlIjo2MDAwMDAwMDAwMDAsImRlbGV0ZSI6NjAwMDAwMDAwMDAwfSwic2NoZW1hX3ZlcnNpb24iOiIxIn0=",
          "dependencies": [
            "module.vpc.aws_vpc.todoapp_vpc"
          ]
        }
      ]
    },
    {
      "module": "module.sgs",
      "mode": "managed",
      "type": "aws_security_group",
      "name": "rds_security_group",
      "provider": "provider[\"registry.terraform.io/hashicorp/aws\"]",
      "instances": [
        {
          "schema_version": 1,
          "attributes": {
            "arn": "arn:aws:ec2:ap-south-1:917470431567:security-group/sg-05ca2200296fbfe21",
            "description": "Enable security for RDS instances",
            "egress": [
              {
                "cidr_blocks": [
                  "0.0.0.0/0"
                ],
                "description": "",
                "from_port": 0,
                "ipv6_cidr_blocks": [],
                "prefix_list_ids": [],
                "protocol": "-1",
                "security_groups": [],
                "self": false,
                "to_port": 0
              }
            ],
            "id": "sg-05ca2200296fbfe21",
            "ingress": [
              {
                "cidr_blocks": [
                  "0.0.0.0/0"
                ],
                "description": "",
                "from_port": 5432,
                "ipv6_cidr_blocks": [],
                "prefix_list_ids": [],
                "protocol": "tcp",
                "security_groups": [],
                "self": false,
                "to_port": 5432
              }
            ],
            "name": "rds-security-group-for-todoapp",
            "name_prefix": "",
            "owner_id": "917470431567",
            "revoke_rules_on_delete": false,
            "tags": {
              "Name": "RDS security group"
            },
            "timeouts": null,
            "vpc_id": "vpc-0595b2fae791fb15c"
          },
          "private": "eyJlMmJmYjczMC1lY2FhLTExZTYtOGY4OC0zNDM2M2JjN2M0YzAiOnsiY3JlYXRlIjo2MDAwMDAwMDAwMDAsImRlbGV0ZSI6NjAwMDAwMDAwMDAwfSwic2NoZW1hX3ZlcnNpb24iOiIxIn0=",
          "dependencies": [
            "module.vpc.aws_vpc.todoapp_vpc"
          ]
        }
      ]
    },
    {
      "module": "module.vpc",
      "mode": "managed",
      "type": "aws_vpc",
      "name": "todoapp_vpc",
      "provider": "provider[\"registry.terraform.io/hashicorp/aws\"]",
      "instances": [
        {
          "schema_version": 1,
          "attributes": {
            "arn": "arn:aws:ec2:ap-south-1:917470431567:vpc/vpc-0595b2fae791fb15c",
            "assign_generated_ipv6_cidr_block": false,
            "cidr_block": "10.20.0.0/16",
            "default_network_acl_id": "acl-05b3f39e09b9487b4",
            "default_route_table_id": "rtb-0ea7fe6c3916ab03c",
            "default_security_group_id": "sg-04991088eb6501b8d",
            "dhcp_options_id": "dopt-5e9b5935",
            "enable_classiclink": null,
            "enable_classiclink_dns_support": null,
            "enable_dns_hostnames": false,
            "enable_dns_support": true,
            "id": "vpc-0595b2fae791fb15c",
            "instance_tenancy": "default",
            "ipv6_association_id": "",
            "ipv6_cidr_block": "",
            "main_route_table_id": "rtb-0ea7fe6c3916ab03c",
            "owner_id": "917470431567",
            "tags": {
              "Environment": "default",
              "Location": "India",
              "Name": "todoapp-vpc-dev"
            }
          },
          "private": "eyJzY2hlbWFfdmVyc2lvbiI6IjEifQ=="
        }
      ]
    }
  ]
}
