{
  "version": 4,
  "terraform_version": "0.13.1",
  "serial": 167,
  "lineage": "dce2f716-b422-80d4-0e62-4da970643039",
  "outputs": {},
  "resources": [
    {
      "module": "module.ec2",
      "mode": "managed",
      "type": "aws_instance",
      "name": "todoapp_ec2_instance",
      "provider": "provider[\"registry.terraform.io/hashicorp/aws\"]",
      "instances": [
        {
          "index_key": 0,
          "schema_version": 1,
          "attributes": {
            "ami": "ami-0ebc1ac48dfd14136",
            "arn": "arn:aws:ec2:ap-south-1:917470431567:instance/i-0a8ab97ac9bbb02a1",
            "associate_public_ip_address": true,
            "availability_zone": "ap-south-1a",
            "cpu_core_count": 1,
            "cpu_threads_per_core": 1,
            "credit_specification": [
              {
                "cpu_credits": "standard"
              }
            ],
            "disable_api_termination": false,
            "ebs_block_device": [],
            "ebs_optimized": false,
            "ephemeral_block_device": [],
            "get_password_data": false,
            "hibernation": false,
            "host_id": null,
            "iam_instance_profile": "",
            "id": "i-0a8ab97ac9bbb02a1",
            "instance_initiated_shutdown_behavior": null,
            "instance_state": "running",
            "instance_type": "t2.micro",
            "ipv6_address_count": 0,
            "ipv6_addresses": [],
            "key_name": "ec2-key-pair",
            "metadata_options": [
              {
                "http_endpoint": "enabled",
                "http_put_response_hop_limit": 1,
                "http_tokens": "optional"
              }
            ],
            "monitoring": false,
            "network_interface": [],
            "outpost_arn": "",
            "password_data": "",
            "placement_group": "",
            "primary_network_interface_id": "eni-0e5d1169c464d8aa8",
            "private_dns": "ip-10-20-0-54.ap-south-1.compute.internal",
            "private_ip": "10.20.0.54",
            "public_dns": "",
            "public_ip": "13.233.200.29",
            "root_block_device": [
              {
                "delete_on_termination": true,
                "device_name": "/dev/xvda",
                "encrypted": false,
                "iops": 100,
                "kms_key_id": "",
                "volume_id": "vol-0ce4d6f833ba6eab6",
                "volume_size": 8,
                "volume_type": "gp2"
              }
            ],
            "secondary_private_ips": [],
            "security_groups": [],
            "source_dest_check": true,
            "subnet_id": "subnet-04a6fdf43fd1cbe25",
            "tags": {
              "Name": "EC2 instance"
            },
            "tenancy": "default",
            "timeouts": null,
            "user_data": "1ee03a28c50eac93d2b9ea6817d13008e025eead",
            "user_data_base64": null,
            "volume_tags": {},
            "vpc_security_group_ids": [
              "sg-06d2780e05235459d"
            ]
          },
          "private": "eyJlMmJmYjczMC1lY2FhLTExZTYtOGY4OC0zNDM2M2JjN2M0YzAiOnsiY3JlYXRlIjo2MDAwMDAwMDAwMDAsImRlbGV0ZSI6MTIwMDAwMDAwMDAwMCwidXBkYXRlIjo2MDAwMDAwMDAwMDB9LCJzY2hlbWFfdmVyc2lvbiI6IjEifQ==",
          "dependencies": [
            "module.ec2.aws_key_pair.ec2_key_pair",
            "module.public-subnets.aws_subnet.public-subnets",
            "module.public-subnets.data.aws_availability_zones.available",
            "module.sgs.aws_security_group.ec2_security_group",
            "module.vpc.aws_vpc.todoapp_vpc"
          ]
        },
        {
          "index_key": 1,
          "schema_version": 1,
          "attributes": {
            "ami": "ami-0ebc1ac48dfd14136",
            "arn": "arn:aws:ec2:ap-south-1:917470431567:instance/i-0cc27605a10a09326",
            "associate_public_ip_address": true,
            "availability_zone": "ap-south-1b",
            "cpu_core_count": 1,
            "cpu_threads_per_core": 1,
            "credit_specification": [
              {
                "cpu_credits": "standard"
              }
            ],
            "disable_api_termination": false,
            "ebs_block_device": [],
            "ebs_optimized": false,
            "ephemeral_block_device": [],
            "get_password_data": false,
            "hibernation": false,
            "host_id": null,
            "iam_instance_profile": "",
            "id": "i-0cc27605a10a09326",
            "instance_initiated_shutdown_behavior": null,
            "instance_state": "running",
            "instance_type": "t2.micro",
            "ipv6_address_count": 0,
            "ipv6_addresses": [],
            "key_name": "ec2-key-pair",
            "metadata_options": [
              {
                "http_endpoint": "enabled",
                "http_put_response_hop_limit": 1,
                "http_tokens": "optional"
              }
            ],
            "monitoring": false,
            "network_interface": [],
            "outpost_arn": "",
            "password_data": "",
            "placement_group": "",
            "primary_network_interface_id": "eni-019eab422234c4852",
            "private_dns": "ip-10-20-1-152.ap-south-1.compute.internal",
            "private_ip": "10.20.1.152",
            "public_dns": "",
            "public_ip": "52.66.239.18",
            "root_block_device": [
              {
                "delete_on_termination": true,
                "device_name": "/dev/xvda",
                "encrypted": false,
                "iops": 100,
                "kms_key_id": "",
                "volume_id": "vol-0fd85695e070999c2",
                "volume_size": 8,
                "volume_type": "gp2"
              }
            ],
            "secondary_private_ips": [],
            "security_groups": [],
            "source_dest_check": true,
            "subnet_id": "subnet-049af1120e7f3218b",
            "tags": {
              "Name": "EC2 instance"
            },
            "tenancy": "default",
            "timeouts": null,
            "user_data": "1ee03a28c50eac93d2b9ea6817d13008e025eead",
            "user_data_base64": null,
            "volume_tags": {},
            "vpc_security_group_ids": [
              "sg-06d2780e05235459d"
            ]
          },
          "private": "eyJlMmJmYjczMC1lY2FhLTExZTYtOGY4OC0zNDM2M2JjN2M0YzAiOnsiY3JlYXRlIjo2MDAwMDAwMDAwMDAsImRlbGV0ZSI6MTIwMDAwMDAwMDAwMCwidXBkYXRlIjo2MDAwMDAwMDAwMDB9LCJzY2hlbWFfdmVyc2lvbiI6IjEifQ==",
          "dependencies": [
            "module.ec2.aws_key_pair.ec2_key_pair",
            "module.public-subnets.aws_subnet.public-subnets",
            "module.public-subnets.data.aws_availability_zones.available",
            "module.sgs.aws_security_group.ec2_security_group",
            "module.vpc.aws_vpc.todoapp_vpc"
          ]
        }
      ]
    },
    {
      "module": "module.ec2",
      "mode": "managed",
      "type": "aws_key_pair",
      "name": "ec2_key_pair",
      "provider": "provider[\"registry.terraform.io/hashicorp/aws\"]",
      "instances": [
        {
          "schema_version": 1,
          "attributes": {
            "arn": "arn:aws:ec2:ap-south-1:917470431567:key-pair/ec2-key-pair",
            "fingerprint": "2d:3c:09:f4:cc:d8:8d:db:9f:83:95:92:04:18:b4:67",
            "id": "ec2-key-pair",
            "key_name": "ec2-key-pair",
            "key_name_prefix": null,
            "key_pair_id": "key-0a04ce00796a929e8",
            "public_key": "ssh-rsa AAAAB3NzaC1yc2EAAAADAQABAAABgQDB34rkbNDD2A/qOAWbnUqHhTLikpjdcEhegaETDpL/UyqWfo0DJTHZrCHuOthAJf2ozZeYE2DO73PDDc1NnfhwyRoKli8AZRuuZnIngVzq8otFrG+07SbGwm8lb9JHOStfBcjNMVJCr24Z/zLh1QF7mSMfiu6PkHm6GhdxPZqjrjG4Jo94DXpqkXpq3HsP5Z3GC8JEBqnKDMtWXW5WHrSSojGECo11EWSCQ6TfcY7KgSMONx7kcO4CfBqdQdfaFmeXD/JZBpPhOtaGu6efG809bLsD1V5bhIbGJ1cYgfLiaKPzmc8/za90VhAQaJZ3qzXPoJYDG7xey+x1OSuevklr5PvilJan08zF6WZhX4n093JCPxxnyLGL5qamDMaebst/rb/WLXtv0bmJiH2AoIP520YppvIijezsnfGSwt/l1Yhc3h77wq+3RAoococ2tHLym4D3/UB9h7EkR/CpkTNVnQQK1igZE+u9QfjHt28nrgoL82cFWB1mPR3WrBCRsp8= lakshmisumathi@lakshmis-MacBook-Pro.local",
            "tags": null
          },
          "private": "eyJzY2hlbWFfdmVyc2lvbiI6IjEifQ=="
        }
      ]
    },
    {
      "module": "module.elb",
      "mode": "managed",
      "type": "aws_elb",
      "name": "ec2_load_balancer",
      "provider": "provider[\"registry.terraform.io/hashicorp/aws\"]",
      "instances": [
        {
          "schema_version": 0,
          "attributes": {
            "access_logs": [],
            "arn": "arn:aws:elasticloadbalancing:ap-south-1:917470431567:loadbalancer/ec2-load-balancer-default",
            "availability_zones": [
              "ap-south-1a",
              "ap-south-1b",
              "ap-south-1c"
            ],
            "connection_draining": true,
            "connection_draining_timeout": 30,
            "cross_zone_load_balancing": true,
            "dns_name": "ec2-load-balancer-default-265808607.ap-south-1.elb.amazonaws.com",
            "health_check": [
              {
                "healthy_threshold": 2,
                "interval": 30,
                "target": "HTTP:80/index.html",
                "timeout": 3,
                "unhealthy_threshold": 2
              }
            ],
            "id": "ec2-load-balancer-default",
            "idle_timeout": 400,
            "instances": [
              "i-0a8ab97ac9bbb02a1",
              "i-0cc27605a10a09326"
            ],
            "internal": false,
            "listener": [
              {
                "instance_port": 80,
                "instance_protocol": "http",
                "lb_port": 80,
                "lb_protocol": "http",
                "ssl_certificate_id": ""
              }
            ],
            "name": "ec2-load-balancer-default",
            "name_prefix": null,
            "security_groups": [
              "sg-09bbcd852bbab1406"
            ],
            "source_security_group": "917470431567/ec2-lb-security-group",
            "source_security_group_id": "sg-09bbcd852bbab1406",
            "subnets": [
              "subnet-049af1120e7f3218b",
              "subnet-04a6fdf43fd1cbe25",
              "subnet-06987975e6aaf3439"
            ],
            "tags": {
              "Name": "ec2-elastic-load-balancer"
            },
            "zone_id": "ZP97RAFLXTNZK"
          },
          "private": "bnVsbA==",
          "dependencies": [
            "module.ec2.aws_instance.todoapp_ec2_instance",
            "module.ec2.aws_key_pair.ec2_key_pair",
            "module.public-subnets.aws_subnet.public-subnets",
            "module.public-subnets.data.aws_availability_zones.available",
            "module.sgs.aws_security_group.ec2_lb_security_group",
            "module.sgs.aws_security_group.ec2_security_group",
            "module.vpc.aws_vpc.todoapp_vpc"
          ]
        }
      ]
    },
    {
      "module": "module.igw",
      "mode": "managed",
      "type": "aws_internet_gateway",
      "name": "igw",
      "provider": "provider[\"registry.terraform.io/hashicorp/aws\"]",
      "instances": [
        {
          "schema_version": 0,
          "attributes": {
            "arn": "arn:aws:ec2:ap-south-1:917470431567:internet-gateway/igw-05d2cda5366d1f20a",
            "id": "igw-05d2cda5366d1f20a",
            "owner_id": "917470431567",
            "tags": {
              "Name": "Internet Gateway"
            },
            "vpc_id": "vpc-0595b2fae791fb15c"
          },
          "private": "bnVsbA==",
          "dependencies": [
            "module.vpc.aws_vpc.todoapp_vpc"
          ]
        }
      ]
    },
    {
      "module": "module.igw",
      "mode": "managed",
      "type": "aws_route_table",
      "name": "public-route-table",
      "provider": "provider[\"registry.terraform.io/hashicorp/aws\"]",
      "instances": [
        {
          "schema_version": 0,
          "attributes": {
            "id": "rtb-01c47c2b9f9151583",
            "owner_id": "917470431567",
            "propagating_vgws": [],
            "route": [
              {
                "cidr_block": "0.0.0.0/0",
                "egress_only_gateway_id": "",
                "gateway_id": "igw-05d2cda5366d1f20a",
                "instance_id": "",
                "ipv6_cidr_block": "",
                "local_gateway_id": "",
                "nat_gateway_id": "",
                "network_interface_id": "",
                "transit_gateway_id": "",
                "vpc_peering_connection_id": ""
              }
            ],
            "tags": {
              "Name": "Public route table"
            },
            "vpc_id": "vpc-0595b2fae791fb15c"
          },
          "private": "bnVsbA==",
          "dependencies": [
            "module.igw.aws_internet_gateway.igw",
            "module.vpc.aws_vpc.todoapp_vpc"
          ]
        }
      ]
    },
    {
      "module": "module.igw",
      "mode": "managed",
      "type": "aws_route_table_association",
      "name": "route-public-subnet-association",
      "provider": "provider[\"registry.terraform.io/hashicorp/aws\"]",
      "instances": [
        {
          "index_key": 0,
          "schema_version": 0,
          "attributes": {
            "gateway_id": null,
            "id": "rtbassoc-01df645ecc0bfb99e",
            "route_table_id": "rtb-01c47c2b9f9151583",
            "subnet_id": "subnet-04a6fdf43fd1cbe25"
          },
          "private": "bnVsbA==",
          "dependencies": [
            "module.igw.aws_internet_gateway.igw",
            "module.igw.aws_route_table.public-route-table",
            "module.public-subnets.aws_subnet.public-subnets",
            "module.public-subnets.data.aws_availability_zones.available",
            "module.vpc.aws_vpc.todoapp_vpc"
          ]
        },
        {
          "index_key": 1,
          "schema_version": 0,
          "attributes": {
            "gateway_id": null,
            "id": "rtbassoc-09b7332854a078440",
            "route_table_id": "rtb-01c47c2b9f9151583",
            "subnet_id": "subnet-049af1120e7f3218b"
          },
          "private": "bnVsbA==",
          "dependencies": [
            "module.igw.aws_internet_gateway.igw",
            "module.igw.aws_route_table.public-route-table",
            "module.public-subnets.aws_subnet.public-subnets",
            "module.public-subnets.data.aws_availability_zones.available",
            "module.vpc.aws_vpc.todoapp_vpc"
          ]
        },
        {
          "index_key": 2,
          "schema_version": 0,
          "attributes": {
            "gateway_id": null,
            "id": "rtbassoc-090a0820beffbc3d6",
            "route_table_id": "rtb-01c47c2b9f9151583",
            "subnet_id": "subnet-06987975e6aaf3439"
          },
          "private": "bnVsbA==",
          "dependencies": [
            "module.igw.aws_internet_gateway.igw",
            "module.igw.aws_route_table.public-route-table",
            "module.public-subnets.aws_subnet.public-subnets",
            "module.public-subnets.data.aws_availability_zones.available",
            "module.vpc.aws_vpc.todoapp_vpc"
          ]
        }
      ]
    },
    {
      "module": "module.nat",
      "mode": "managed",
      "type": "aws_instance",
      "name": "nat_instance",
      "provider": "provider[\"registry.terraform.io/hashicorp/aws\"]",
      "instances": [
        {
          "schema_version": 1,
          "attributes": {
            "ami": "ami-0a780d5bac870126a",
            "arn": "arn:aws:ec2:ap-south-1:917470431567:instance/i-0b008057ab0851a34",
            "associate_public_ip_address": true,
            "availability_zone": "ap-south-1a",
            "cpu_core_count": 1,
            "cpu_threads_per_core": 1,
            "credit_specification": [
              {
                "cpu_credits": "standard"
              }
            ],
            "disable_api_termination": false,
            "ebs_block_device": [],
            "ebs_optimized": false,
            "ephemeral_block_device": [],
            "get_password_data": false,
            "hibernation": false,
            "host_id": null,
            "iam_instance_profile": "",
            "id": "i-0b008057ab0851a34",
            "instance_initiated_shutdown_behavior": null,
            "instance_state": "running",
            "instance_type": "t2.micro",
            "ipv6_address_count": 0,
            "ipv6_addresses": [],
            "key_name": "",
            "metadata_options": [
              {
                "http_endpoint": "enabled",
                "http_put_response_hop_limit": 1,
                "http_tokens": "optional"
              }
            ],
            "monitoring": false,
            "network_interface": [],
            "outpost_arn": "",
            "password_data": "",
            "placement_group": "",
            "primary_network_interface_id": "eni-05ba4aeb7078298df",
            "private_dns": "ip-10-20-0-109.ap-south-1.compute.internal",
            "private_ip": "10.20.0.109",
            "public_dns": "",
            "public_ip": "13.233.216.186",
            "root_block_device": [
              {
                "delete_on_termination": true,
                "device_name": "/dev/xvda",
                "encrypted": false,
                "iops": 100,
                "kms_key_id": "",
                "volume_id": "vol-07de637d905e6440e",
                "volume_size": 8,
                "volume_type": "gp2"
              }
            ],
            "secondary_private_ips": [],
            "security_groups": [],
            "source_dest_check": false,
            "subnet_id": "subnet-04a6fdf43fd1cbe25",
            "tags": {
              "Name": "NAT instance on public subnet subnet-04a6fdf43fd1cbe25"
            },
            "tenancy": "default",
            "timeouts": null,
            "user_data": null,
            "user_data_base64": null,
            "volume_tags": {},
            "vpc_security_group_ids": [
              "sg-0afe624c68597fcb9"
            ]
          },
          "private": "eyJlMmJmYjczMC1lY2FhLTExZTYtOGY4OC0zNDM2M2JjN2M0YzAiOnsiY3JlYXRlIjo2MDAwMDAwMDAwMDAsImRlbGV0ZSI6MTIwMDAwMDAwMDAwMCwidXBkYXRlIjo2MDAwMDAwMDAwMDB9LCJzY2hlbWFfdmVyc2lvbiI6IjEifQ==",
          "dependencies": [
            "module.public-subnets.aws_subnet.public-subnets",
            "module.public-subnets.data.aws_availability_zones.available",
            "module.sgs.aws_security_group.nat_security_group",
            "module.vpc.aws_vpc.todoapp_vpc"
          ]
        }
      ]
    },
    {
      "module": "module.nat",
      "mode": "managed",
      "type": "aws_route_table",
      "name": "private_route_table_to_nat",
      "provider": "provider[\"registry.terraform.io/hashicorp/aws\"]",
      "instances": [
        {
          "schema_version": 0,
          "attributes": {
            "id": "rtb-0cfbced40e0c50625",
            "owner_id": "917470431567",
            "propagating_vgws": [],
            "route": [
              {
                "cidr_block": "0.0.0.0/0",
                "egress_only_gateway_id": "",
                "gateway_id": "",
                "instance_id": "i-0b008057ab0851a34",
                "ipv6_cidr_block": "",
                "local_gateway_id": "",
                "nat_gateway_id": "",
                "network_interface_id": "",
                "transit_gateway_id": "",
                "vpc_peering_connection_id": ""
              }
            ],
            "tags": {
              "Name": "Private route table for NAT instance"
            },
            "vpc_id": "vpc-0595b2fae791fb15c"
          },
          "private": "bnVsbA==",
          "dependencies": [
            "module.nat.aws_instance.nat_instance",
            "module.public-subnets.aws_subnet.public-subnets",
            "module.public-subnets.data.aws_availability_zones.available",
            "module.sgs.aws_security_group.nat_security_group",
            "module.vpc.aws_vpc.todoapp_vpc"
          ]
        }
      ]
    },
    {
      "module": "module.nat",
      "mode": "managed",
      "type": "aws_route_table_association",
      "name": "private-route-table-to-private-subnets-association",
      "provider": "provider[\"registry.terraform.io/hashicorp/aws\"]",
      "instances": [
        {
          "index_key": 0,
          "schema_version": 0,
          "attributes": {
            "gateway_id": null,
            "id": "rtbassoc-0c60b588568b54a28",
            "route_table_id": "rtb-0cfbced40e0c50625",
            "subnet_id": "subnet-0fcd3048f89469e95"
          },
          "private": "bnVsbA==",
          "dependencies": [
            "module.nat.aws_instance.nat_instance",
            "module.nat.aws_route_table.private_route_table_to_nat",
            "module.private-subnets.aws_subnet.private-subnets",
            "module.public-subnets.aws_subnet.public-subnets",
            "module.public-subnets.data.aws_availability_zones.available",
            "module.sgs.aws_security_group.nat_security_group",
            "module.vpc.aws_vpc.todoapp_vpc"
          ]
        },
        {
          "index_key": 1,
          "schema_version": 0,
          "attributes": {
            "gateway_id": null,
            "id": "rtbassoc-042a33b4e2985f0a5",
            "route_table_id": "rtb-0cfbced40e0c50625",
            "subnet_id": "subnet-09156121c0bdb70d6"
          },
          "private": "bnVsbA==",
          "dependencies": [
            "module.nat.aws_instance.nat_instance",
            "module.nat.aws_route_table.private_route_table_to_nat",
            "module.private-subnets.aws_subnet.private-subnets",
            "module.public-subnets.aws_subnet.public-subnets",
            "module.public-subnets.data.aws_availability_zones.available",
            "module.sgs.aws_security_group.nat_security_group",
            "module.vpc.aws_vpc.todoapp_vpc"
          ]
        }
      ]
    },
    {
      "module": "module.private-subnets",
      "mode": "managed",
      "type": "aws_subnet",
      "name": "private-subnets",
      "provider": "provider[\"registry.terraform.io/hashicorp/aws\"]",
      "instances": [
        {
          "index_key": 0,
          "schema_version": 1,
          "attributes": {
            "arn": "arn:aws:ec2:ap-south-1:917470431567:subnet/subnet-0fcd3048f89469e95",
            "assign_ipv6_address_on_creation": false,
            "availability_zone": "ap-south-1a",
            "availability_zone_id": "aps1-az1",
            "cidr_block": "10.20.3.0/24",
            "id": "subnet-0fcd3048f89469e95",
            "ipv6_cidr_block": "",
            "ipv6_cidr_block_association_id": "",
            "map_public_ip_on_launch": false,
            "outpost_arn": "",
            "owner_id": "917470431567",
            "tags": {
              "Name": "Private Subnet - 1 "
            },
            "timeouts": null,
            "vpc_id": "vpc-0595b2fae791fb15c"
          },
          "private": "eyJlMmJmYjczMC1lY2FhLTExZTYtOGY4OC0zNDM2M2JjN2M0YzAiOnsiY3JlYXRlIjo2MDAwMDAwMDAwMDAsImRlbGV0ZSI6MTIwMDAwMDAwMDAwMH0sInNjaGVtYV92ZXJzaW9uIjoiMSJ9",
          "dependencies": [
            "module.public-subnets.data.aws_availability_zones.available",
            "module.vpc.aws_vpc.todoapp_vpc"
          ]
        },
        {
          "index_key": 1,
          "schema_version": 1,
          "attributes": {
            "arn": "arn:aws:ec2:ap-south-1:917470431567:subnet/subnet-09156121c0bdb70d6",
            "assign_ipv6_address_on_creation": false,
            "availability_zone": "ap-south-1b",
            "availability_zone_id": "aps1-az3",
            "cidr_block": "10.20.4.0/24",
            "id": "subnet-09156121c0bdb70d6",
            "ipv6_cidr_block": "",
            "ipv6_cidr_block_association_id": "",
            "map_public_ip_on_launch": false,
            "outpost_arn": "",
            "owner_id": "917470431567",
            "tags": {
              "Name": "Private Subnet - 2 "
            },
            "timeouts": null,
            "vpc_id": "vpc-0595b2fae791fb15c"
          },
          "private": "eyJlMmJmYjczMC1lY2FhLTExZTYtOGY4OC0zNDM2M2JjN2M0YzAiOnsiY3JlYXRlIjo2MDAwMDAwMDAwMDAsImRlbGV0ZSI6MTIwMDAwMDAwMDAwMH0sInNjaGVtYV92ZXJzaW9uIjoiMSJ9",
          "dependencies": [
            "module.public-subnets.data.aws_availability_zones.available",
            "module.vpc.aws_vpc.todoapp_vpc"
          ]
        }
      ]
    },
    {
      "module": "module.public-subnets",
      "mode": "data",
      "type": "aws_availability_zones",
      "name": "available",
      "provider": "provider[\"registry.terraform.io/hashicorp/aws\"]",
      "instances": [
        {
          "schema_version": 0,
          "attributes": {
            "all_availability_zones": null,
            "exclude_names": null,
            "exclude_zone_ids": null,
            "filter": null,
            "group_names": [
              "ap-south-1"
            ],
            "id": "2020-09-08 07:19:15.398984 +0000 UTC",
            "names": [
              "ap-south-1a",
              "ap-south-1b",
              "ap-south-1c"
            ],
            "state": "available",
            "zone_ids": [
              "aps1-az1",
              "aps1-az3",
              "aps1-az2"
            ]
          }
        }
      ]
    },
    {
      "module": "module.public-subnets",
      "mode": "managed",
      "type": "aws_subnet",
      "name": "public-subnets",
      "provider": "provider[\"registry.terraform.io/hashicorp/aws\"]",
      "instances": [
        {
          "index_key": 0,
          "schema_version": 1,
          "attributes": {
            "arn": "arn:aws:ec2:ap-south-1:917470431567:subnet/subnet-04a6fdf43fd1cbe25",
            "assign_ipv6_address_on_creation": false,
            "availability_zone": "ap-south-1a",
            "availability_zone_id": "aps1-az1",
            "cidr_block": "10.20.0.0/24",
            "id": "subnet-04a6fdf43fd1cbe25",
            "ipv6_cidr_block": "",
            "ipv6_cidr_block_association_id": "",
            "map_public_ip_on_launch": true,
            "outpost_arn": "",
            "owner_id": "917470431567",
            "tags": {
              "Name": "Public Subnet - 1 "
            },
            "timeouts": null,
            "vpc_id": "vpc-0595b2fae791fb15c"
          },
          "private": "eyJlMmJmYjczMC1lY2FhLTExZTYtOGY4OC0zNDM2M2JjN2M0YzAiOnsiY3JlYXRlIjo2MDAwMDAwMDAwMDAsImRlbGV0ZSI6MTIwMDAwMDAwMDAwMH0sInNjaGVtYV92ZXJzaW9uIjoiMSJ9",
          "dependencies": [
            "module.public-subnets.data.aws_availability_zones.available",
            "module.vpc.aws_vpc.todoapp_vpc"
          ]
        },
        {
          "index_key": 1,
          "schema_version": 1,
          "attributes": {
            "arn": "arn:aws:ec2:ap-south-1:917470431567:subnet/subnet-049af1120e7f3218b",
            "assign_ipv6_address_on_creation": false,
            "availability_zone": "ap-south-1b",
            "availability_zone_id": "aps1-az3",
            "cidr_block": "10.20.1.0/24",
            "id": "subnet-049af1120e7f3218b",
            "ipv6_cidr_block": "",
            "ipv6_cidr_block_association_id": "",
            "map_public_ip_on_launch": true,
            "outpost_arn": "",
            "owner_id": "917470431567",
            "tags": {
              "Name": "Public Subnet - 2 "
            },
            "timeouts": null,
            "vpc_id": "vpc-0595b2fae791fb15c"
          },
          "private": "eyJlMmJmYjczMC1lY2FhLTExZTYtOGY4OC0zNDM2M2JjN2M0YzAiOnsiY3JlYXRlIjo2MDAwMDAwMDAwMDAsImRlbGV0ZSI6MTIwMDAwMDAwMDAwMH0sInNjaGVtYV92ZXJzaW9uIjoiMSJ9",
          "dependencies": [
            "module.public-subnets.data.aws_availability_zones.available",
            "module.vpc.aws_vpc.todoapp_vpc"
          ]
        },
        {
          "index_key": 2,
          "schema_version": 1,
          "attributes": {
            "arn": "arn:aws:ec2:ap-south-1:917470431567:subnet/subnet-06987975e6aaf3439",
            "assign_ipv6_address_on_creation": false,
            "availability_zone": "ap-south-1c",
            "availability_zone_id": "aps1-az2",
            "cidr_block": "10.20.2.0/24",
            "id": "subnet-06987975e6aaf3439",
            "ipv6_cidr_block": "",
            "ipv6_cidr_block_association_id": "",
            "map_public_ip_on_launch": true,
            "outpost_arn": "",
            "owner_id": "917470431567",
            "tags": {
              "Name": "Public Subnet - 3 "
            },
            "timeouts": null,
            "vpc_id": "vpc-0595b2fae791fb15c"
          },
          "private": "eyJlMmJmYjczMC1lY2FhLTExZTYtOGY4OC0zNDM2M2JjN2M0YzAiOnsiY3JlYXRlIjo2MDAwMDAwMDAwMDAsImRlbGV0ZSI6MTIwMDAwMDAwMDAwMH0sInNjaGVtYV92ZXJzaW9uIjoiMSJ9",
          "dependencies": [
            "module.public-subnets.data.aws_availability_zones.available",
            "module.vpc.aws_vpc.todoapp_vpc"
          ]
        }
      ]
    },
    {
      "module": "module.rds",
      "mode": "managed",
      "type": "aws_db_instance",
      "name": "postgres_db_instance",
      "provider": "provider[\"registry.terraform.io/hashicorp/aws\"]",
      "instances": [
        {
          "schema_version": 1,
          "attributes": {
            "address": "postgres-rds-instance.c3sibbpzrxml.ap-south-1.rds.amazonaws.com",
            "allocated_storage": 20,
            "allow_major_version_upgrade": null,
            "apply_immediately": null,
            "arn": "arn:aws:rds:ap-south-1:917470431567:db:postgres-rds-instance",
            "auto_minor_version_upgrade": false,
            "availability_zone": "ap-south-1b",
            "backup_retention_period": 0,
            "backup_window": "01:00-01:30",
            "ca_cert_identifier": "rds-ca-2019",
            "character_set_name": null,
            "copy_tags_to_snapshot": false,
            "db_subnet_group_name": "rds-postgres-subnet-group",
            "delete_automated_backups": true,
            "deletion_protection": false,
            "domain": "",
            "domain_iam_role_name": "",
            "enabled_cloudwatch_logs_exports": null,
            "endpoint": "postgres-rds-instance.c3sibbpzrxml.ap-south-1.rds.amazonaws.com:5432",
            "engine": "postgres",
            "engine_version": "9.6.9",
            "final_snapshot_identifier": null,
            "hosted_zone_id": "Z2VFMSZA74J7XZ",
            "iam_database_authentication_enabled": false,
            "id": "postgres-rds-instance",
            "identifier": "postgres-rds-instance",
            "identifier_prefix": null,
            "instance_class": "db.t2.micro",
            "iops": 0,
            "kms_key_id": "",
            "license_model": "postgresql-license",
            "maintenance_window": "wed:09:56-wed:10:26",
            "max_allocated_storage": 100,
            "monitoring_interval": 0,
            "monitoring_role_arn": "",
            "multi_az": false,
            "name": "postgresDbInstancedefault",
            "option_group_name": "default:postgres-9-6",
            "parameter_group_name": "default.postgres9.6",
            "password": "postgres",
            "performance_insights_enabled": false,
            "performance_insights_kms_key_id": "",
            "performance_insights_retention_period": 0,
            "port": 5432,
            "publicly_accessible": false,
            "replicas": [],
            "replicate_source_db": "",
            "resource_id": "db-X3PN56F4V3MCT72RJW5CFCRDLU",
            "s3_import": [],
            "security_group_names": null,
            "skip_final_snapshot": false,
            "snapshot_identifier": null,
            "status": "available",
            "storage_encrypted": false,
            "storage_type": "gp2",
            "tags": null,
            "timeouts": null,
            "timezone": "",
            "username": "postgres",
            "vpc_security_group_ids": [
              "sg-05ca2200296fbfe21"
            ]
          },
          "private": "eyJlMmJmYjczMC1lY2FhLTExZTYtOGY4OC0zNDM2M2JjN2M0YzAiOnsiY3JlYXRlIjoyNDAwMDAwMDAwMDAwLCJkZWxldGUiOjI0MDAwMDAwMDAwMDAsInVwZGF0ZSI6NDgwMDAwMDAwMDAwMH0sInNjaGVtYV92ZXJzaW9uIjoiMSJ9",
          "dependencies": [
            "module.private-subnets.aws_subnet.private-subnets",
            "module.public-subnets.data.aws_availability_zones.available",
            "module.rds.aws_db_subnet_group.aws_db_subnet_group",
            "module.sgs.aws_security_group.rds_security_group",
            "module.vpc.aws_vpc.todoapp_vpc"
          ]
        }
      ]
    },
    {
      "module": "module.rds",
      "mode": "managed",
      "type": "aws_db_subnet_group",
      "name": "aws_db_subnet_group",
      "provider": "provider[\"registry.terraform.io/hashicorp/aws\"]",
      "instances": [
        {
          "schema_version": 0,
          "attributes": {
            "arn": "arn:aws:rds:ap-south-1:917470431567:subgrp:rds-postgres-subnet-group",
            "description": "Managed by Terraform",
            "id": "rds-postgres-subnet-group",
            "name": "rds-postgres-subnet-group",
            "name_prefix": null,
            "subnet_ids": [
              "subnet-09156121c0bdb70d6",
              "subnet-0fcd3048f89469e95"
            ],
            "tags": {
              "Name": "DB subnet group for postgres RDS"
            }
          },
          "private": "bnVsbA==",
          "dependencies": [
            "module.private-subnets.aws_subnet.private-subnets",
            "module.public-subnets.data.aws_availability_zones.available",
            "module.vpc.aws_vpc.todoapp_vpc"
          ]
        }
      ]
    },
    {
      "module": "module.sgs",
      "mode": "managed",
      "type": "aws_security_group",
      "name": "ec2_lb_security_group",
      "provider": "provider[\"registry.terraform.io/hashicorp/aws\"]",
      "instances": [
        {
          "schema_version": 1,
          "attributes": {
            "arn": "arn:aws:ec2:ap-south-1:917470431567:security-group/sg-09bbcd852bbab1406",
            "description": "Enable security for ELB",
            "egress": [
              {
                "cidr_blocks": [
                  "0.0.0.0/0"
                ],
                "description": "",
                "from_port": 80,
                "ipv6_cidr_blocks": [],
                "prefix_list_ids": [],
                "protocol": "tcp",
                "security_groups": [],
                "self": false,
                "to_port": 80
              }
            ],
            "id": "sg-09bbcd852bbab1406",
            "ingress": [
              {
                "cidr_blocks": [
                  "0.0.0.0/0"
                ],
                "description": "",
                "from_port": 80,
                "ipv6_cidr_blocks": [],
                "prefix_list_ids": [],
                "protocol": "tcp",
                "security_groups": [],
                "self": false,
                "to_port": 80
              }
            ],
            "name": "ec2-lb-security-group",
            "name_prefix": "",
            "owner_id": "917470431567",
            "revoke_rules_on_delete": false,
            "tags": {
              "Name": "ELB security group"
            },
            "timeouts": null,
            "vpc_id": "vpc-0595b2fae791fb15c"
          },
          "private": "eyJlMmJmYjczMC1lY2FhLTExZTYtOGY4OC0zNDM2M2JjN2M0YzAiOnsiY3JlYXRlIjo2MDAwMDAwMDAwMDAsImRlbGV0ZSI6NjAwMDAwMDAwMDAwfSwic2NoZW1hX3ZlcnNpb24iOiIxIn0=",
          "dependencies": [
            "module.vpc.aws_vpc.todoapp_vpc"
          ]
        }
      ]
    },
    {
      "module": "module.sgs",
      "mode": "managed",
      "type": "aws_security_group",
      "name": "ec2_security_group",
      "provider": "provider[\"registry.terraform.io/hashicorp/aws\"]",
      "instances": [
        {
          "schema_version": 1,
          "attributes": {
            "arn": "arn:aws:ec2:ap-south-1:917470431567:security-group/sg-06d2780e05235459d",
            "description": "Enable security for EC2 instances",
            "egress": [
              {
                "cidr_blocks": [
                  "0.0.0.0/0"
                ],
                "description": "",
                "from_port": 0,
                "ipv6_cidr_blocks": [],
                "prefix_list_ids": [],
                "protocol": "-1",
                "security_groups": [],
                "self": false,
                "to_port": 0
              }
            ],
            "id": "sg-06d2780e05235459d",
            "ingress": [
              {
                "cidr_blocks": [
                  "0.0.0.0/0"
                ],
                "description": "",
                "from_port": 22,
                "ipv6_cidr_blocks": [],
                "prefix_list_ids": [],
                "protocol": "tcp",
                "security_groups": [],
                "self": false,
                "to_port": 22
              },
              {
                "cidr_blocks": [
                  "0.0.0.0/0"
                ],
                "description": "",
                "from_port": 80,
                "ipv6_cidr_blocks": [],
                "prefix_list_ids": [],
                "protocol": "tcp",
                "security_groups": [],
                "self": false,
                "to_port": 80
              }
            ],
            "name": "EC2 Security Group",
            "name_prefix": "",
            "owner_id": "917470431567",
            "revoke_rules_on_delete": false,
            "tags": {
              "Name": "EC2 security group"
            },
            "timeouts": null,
            "vpc_id": "vpc-0595b2fae791fb15c"
          },
          "private": "eyJlMmJmYjczMC1lY2FhLTExZTYtOGY4OC0zNDM2M2JjN2M0YzAiOnsiY3JlYXRlIjo2MDAwMDAwMDAwMDAsImRlbGV0ZSI6NjAwMDAwMDAwMDAwfSwic2NoZW1hX3ZlcnNpb24iOiIxIn0=",
          "dependencies": [
            "module.vpc.aws_vpc.todoapp_vpc"
          ]
        }
      ]
    },
    {
      "module": "module.sgs",
      "mode": "managed",
      "type": "aws_security_group",
      "name": "nat_security_group",
      "provider": "provider[\"registry.terraform.io/hashicorp/aws\"]",
      "instances": [
        {
          "schema_version": 1,
          "attributes": {
            "arn": "arn:aws:ec2:ap-south-1:917470431567:security-group/sg-0afe624c68597fcb9",
            "description": "Allow traffic for private subnets",
            "egress": [
              {
                "cidr_blocks": [
                  "0.0.0.0/0"
                ],
                "description": "",
                "from_port": 0,
                "ipv6_cidr_blocks": [],
                "prefix_list_ids": [],
                "protocol": "-1",
                "security_groups": [],
                "self": false,
                "to_port": 0
              }
            ],
            "id": "sg-0afe624c68597fcb9",
            "ingress": [],
            "name": "NAT Security Group",
            "name_prefix": "",
            "owner_id": "917470431567",
            "revoke_rules_on_delete": false,
            "tags": {
              "Name": "NAT security group"
            },
            "timeouts": null,
            "vpc_id": "vpc-0595b2fae791fb15c"
          },
          "private": "eyJlMmJmYjczMC1lY2FhLTExZTYtOGY4OC0zNDM2M2JjN2M0YzAiOnsiY3JlYXRlIjo2MDAwMDAwMDAwMDAsImRlbGV0ZSI6NjAwMDAwMDAwMDAwfSwic2NoZW1hX3ZlcnNpb24iOiIxIn0=",
          "dependencies": [
            "module.vpc.aws_vpc.todoapp_vpc"
          ]
        }
      ]
    },
    {
      "module": "module.sgs",
      "mode": "managed",
      "type": "aws_security_group",
      "name": "rds_security_group",
      "provider": "provider[\"registry.terraform.io/hashicorp/aws\"]",
      "instances": [
        {
          "schema_version": 1,
          "attributes": {
            "arn": "arn:aws:ec2:ap-south-1:917470431567:security-group/sg-05ca2200296fbfe21",
            "description": "Enable security for RDS instances",
            "egress": [
              {
                "cidr_blocks": [
                  "0.0.0.0/0"
                ],
                "description": "",
                "from_port": 0,
                "ipv6_cidr_blocks": [],
                "prefix_list_ids": [],
                "protocol": "-1",
                "security_groups": [],
                "self": false,
                "to_port": 0
              }
            ],
            "id": "sg-05ca2200296fbfe21",
            "ingress": [
              {
                "cidr_blocks": [],
                "description": "",
                "from_port": 5432,
                "ipv6_cidr_blocks": [],
                "prefix_list_ids": [],
                "protocol": "tcp",
                "security_groups": [],
                "self": false,
                "to_port": 5432
              }
            ],
            "name": "rds-security-group-for-todoapp",
            "name_prefix": "",
            "owner_id": "917470431567",
            "revoke_rules_on_delete": false,
            "tags": {
              "Name": "RDS security group"
            },
            "timeouts": null,
            "vpc_id": "vpc-0595b2fae791fb15c"
          },
          "private": "eyJlMmJmYjczMC1lY2FhLTExZTYtOGY4OC0zNDM2M2JjN2M0YzAiOnsiY3JlYXRlIjo2MDAwMDAwMDAwMDAsImRlbGV0ZSI6NjAwMDAwMDAwMDAwfSwic2NoZW1hX3ZlcnNpb24iOiIxIn0=",
          "dependencies": [
            "module.vpc.aws_vpc.todoapp_vpc"
          ]
        }
      ]
    },
    {
      "module": "module.vpc",
      "mode": "managed",
      "type": "aws_vpc",
      "name": "todoapp_vpc",
      "provider": "provider[\"registry.terraform.io/hashicorp/aws\"]",
      "instances": [
        {
          "schema_version": 1,
          "attributes": {
            "arn": "arn:aws:ec2:ap-south-1:917470431567:vpc/vpc-0595b2fae791fb15c",
            "assign_generated_ipv6_cidr_block": false,
            "cidr_block": "10.20.0.0/16",
            "default_network_acl_id": "acl-05b3f39e09b9487b4",
            "default_route_table_id": "rtb-0ea7fe6c3916ab03c",
            "default_security_group_id": "sg-04991088eb6501b8d",
            "dhcp_options_id": "dopt-5e9b5935",
            "enable_classiclink": null,
            "enable_classiclink_dns_support": null,
            "enable_dns_hostnames": false,
            "enable_dns_support": true,
            "id": "vpc-0595b2fae791fb15c",
            "instance_tenancy": "default",
            "ipv6_association_id": "",
            "ipv6_cidr_block": "",
            "main_route_table_id": "rtb-0ea7fe6c3916ab03c",
            "owner_id": "917470431567",
            "tags": {
              "Environment": "default",
              "Location": "India",
              "Name": "todoapp-vpc-dev"
            }
          },
          "private": "eyJzY2hlbWFfdmVyc2lvbiI6IjEifQ=="
        }
      ]
    }
  ]
}
